// !$*UTF8*$!
{
	archiveVersion = 1;
	classes = {
	};
	objectVersion = 50;
	objects = {

/* Begin PBXBuildFile section */
		8D33BBE324AA79AC0097EC2E /* LazyVGridView.swift in Sources */ = {isa = PBXBuildFile; fileRef = 8D33BBE224AA79AC0097EC2E /* LazyVGridView.swift */; };
		8D33BBE424AA79AC0097EC2E /* LazyVGridView.swift in Sources */ = {isa = PBXBuildFile; fileRef = 8D33BBE224AA79AC0097EC2E /* LazyVGridView.swift */; };
		8D33BBE624AA934B0097EC2E /* GridItemView.swift in Sources */ = {isa = PBXBuildFile; fileRef = 8D33BBE524AA934B0097EC2E /* GridItemView.swift */; };
		8D33BBE724AA934B0097EC2E /* GridItemView.swift in Sources */ = {isa = PBXBuildFile; fileRef = 8D33BBE524AA934B0097EC2E /* GridItemView.swift */; };
		8D3A766F24A892E600005971 /* ListItemTintModifier.swift in Sources */ = {isa = PBXBuildFile; fileRef = 8D3A766E24A892E600005971 /* ListItemTintModifier.swift */; };
		8D3A767024A892E600005971 /* ListItemTintModifier.swift in Sources */ = {isa = PBXBuildFile; fileRef = 8D3A766E24A892E600005971 /* ListItemTintModifier.swift */; };
		8D3A767224A899B000005971 /* ListItemTintModifier.swift in Sources */ = {isa = PBXBuildFile; fileRef = 8D3A767124A899B000005971 /* ListItemTintModifier.swift */; };
		8D3A767424A89C2600005971 /* ToggleStyleModifier.swift in Sources */ = {isa = PBXBuildFile; fileRef = 8D3A767324A89C2600005971 /* ToggleStyleModifier.swift */; };
		8D3A767524A89C2600005971 /* ToggleStyleModifier.swift in Sources */ = {isa = PBXBuildFile; fileRef = 8D3A767324A89C2600005971 /* ToggleStyleModifier.swift */; };
		8D3A767924A89FA200005971 /* LinkView.swift in Sources */ = {isa = PBXBuildFile; fileRef = 8D3A767824A89FA200005971 /* LinkView.swift */; };
		8D3A767A24A89FA200005971 /* LinkView.swift in Sources */ = {isa = PBXBuildFile; fileRef = 8D3A767824A89FA200005971 /* LinkView.swift */; };
		8D3A767C24A8A8BE00005971 /* EnvironmentOpenUrlWrapper.swift in Sources */ = {isa = PBXBuildFile; fileRef = 8D3A767B24A8A8BE00005971 /* EnvironmentOpenUrlWrapper.swift */; };
		8D3A767D24A8A8BE00005971 /* EnvironmentOpenUrlWrapper.swift in Sources */ = {isa = PBXBuildFile; fileRef = 8D3A767B24A8A8BE00005971 /* EnvironmentOpenUrlWrapper.swift */; };
		8D3A767F24A8AA1A00005971 /* SignInWithappleButtonView.swift in Sources */ = {isa = PBXBuildFile; fileRef = 8D3A767E24A8AA1A00005971 /* SignInWithappleButtonView.swift */; };
		8D3A768024A8AA1A00005971 /* SignInWithappleButtonView.swift in Sources */ = {isa = PBXBuildFile; fileRef = 8D3A767E24A8AA1A00005971 /* SignInWithappleButtonView.swift */; };
		8D3A768224A8B07300005971 /* SignInWithAppleButtonStyleModifier.swift in Sources */ = {isa = PBXBuildFile; fileRef = 8D3A768124A8B07300005971 /* SignInWithAppleButtonStyleModifier.swift */; };
		8D3A768324A8B07300005971 /* SignInWithAppleButtonStyleModifier.swift in Sources */ = {isa = PBXBuildFile; fileRef = 8D3A768124A8B07300005971 /* SignInWithAppleButtonStyleModifier.swift */; };
		8D3A768524A8B4E500005971 /* LinkView.swift in Sources */ = {isa = PBXBuildFile; fileRef = 8D3A768424A8B4E500005971 /* LinkView.swift */; };
		8D3A768724A8C3F300005971 /* ContextMenuModifier.swift in Sources */ = {isa = PBXBuildFile; fileRef = 8D3A768624A8C3F300005971 /* ContextMenuModifier.swift */; };
		8D3A768824A8C3F300005971 /* ContextMenuModifier.swift in Sources */ = {isa = PBXBuildFile; fileRef = 8D3A768624A8C3F300005971 /* ContextMenuModifier.swift */; };
		8D3A768A24A8C48E00005971 /* DocumentGroupView.swift in Sources */ = {isa = PBXBuildFile; fileRef = 8D3A768924A8C48E00005971 /* DocumentGroupView.swift */; };
		8D3A768B24A8C48E00005971 /* DocumentGroupView.swift in Sources */ = {isa = PBXBuildFile; fileRef = 8D3A768924A8C48E00005971 /* DocumentGroupView.swift */; };
		8D3A768D24A8CFFA00005971 /* TextCaseModifier.swift in Sources */ = {isa = PBXBuildFile; fileRef = 8D3A768C24A8CFFA00005971 /* TextCaseModifier.swift */; };
		8D3A768E24A8CFFA00005971 /* TextCaseModifier.swift in Sources */ = {isa = PBXBuildFile; fileRef = 8D3A768C24A8CFFA00005971 /* TextCaseModifier.swift */; };
		8D3A769024A8D85700005971 /* ColoredSFSymbolsView.swift in Sources */ = {isa = PBXBuildFile; fileRef = 8D3A768F24A8D85700005971 /* ColoredSFSymbolsView.swift */; };
		8D3A769124A8D85700005971 /* ColoredSFSymbolsView.swift in Sources */ = {isa = PBXBuildFile; fileRef = 8D3A768F24A8D85700005971 /* ColoredSFSymbolsView.swift */; };
		8D3A769324A8E38800005971 /* TextEditorView.swift in Sources */ = {isa = PBXBuildFile; fileRef = 8D3A769224A8E38800005971 /* TextEditorView.swift */; };
		8D3A769424A8E38800005971 /* TextEditorView.swift in Sources */ = {isa = PBXBuildFile; fileRef = 8D3A769224A8E38800005971 /* TextEditorView.swift */; };
		8D442ED824A7FE3A009995DD /* GaugeModifier.swift in Sources */ = {isa = PBXBuildFile; fileRef = 8D442ED724A7FE3A009995DD /* GaugeModifier.swift */; };
		8D442EDA24A80402009995DD /* MatchedGeometryEffectModifier.swift in Sources */ = {isa = PBXBuildFile; fileRef = 8D442ED924A80401009995DD /* MatchedGeometryEffectModifier.swift */; };
		8D442EDB24A80402009995DD /* MatchedGeometryEffectModifier.swift in Sources */ = {isa = PBXBuildFile; fileRef = 8D442ED924A80401009995DD /* MatchedGeometryEffectModifier.swift */; };
		8D442EDD24A80549009995DD /* ClipShapeModifier.swift in Sources */ = {isa = PBXBuildFile; fileRef = 8D442EDC24A80549009995DD /* ClipShapeModifier.swift */; };
		8D442EDE24A80549009995DD /* ClipShapeModifier.swift in Sources */ = {isa = PBXBuildFile; fileRef = 8D442EDC24A80549009995DD /* ClipShapeModifier.swift */; };
		8D442EE024A808CE009995DD /* CustomFontModifier.swift in Sources */ = {isa = PBXBuildFile; fileRef = 8D442EDF24A808CE009995DD /* CustomFontModifier.swift */; };
		8D442EE124A808CE009995DD /* CustomFontModifier.swift in Sources */ = {isa = PBXBuildFile; fileRef = 8D442EDF24A808CE009995DD /* CustomFontModifier.swift */; };
		8D442EE424A80B23009995DD /* ImageInTextView.swift in Sources */ = {isa = PBXBuildFile; fileRef = 8D442EE324A80B23009995DD /* ImageInTextView.swift */; };
		8D442EE524A80B23009995DD /* ImageInTextView.swift in Sources */ = {isa = PBXBuildFile; fileRef = 8D442EE324A80B23009995DD /* ImageInTextView.swift */; };
		8D442EE724A80B2C009995DD /* ScaleMetricWrapper.swift in Sources */ = {isa = PBXBuildFile; fileRef = 8D442EE624A80B2C009995DD /* ScaleMetricWrapper.swift */; };
		8D442EE824A80B2C009995DD /* ScaleMetricWrapper.swift in Sources */ = {isa = PBXBuildFile; fileRef = 8D442EE624A80B2C009995DD /* ScaleMetricWrapper.swift */; };
		8D4D24FB24AC5C4F00982117 /* LazyHGrid.swift in Sources */ = {isa = PBXBuildFile; fileRef = 8D4D24FA24AC5C4F00982117 /* LazyHGrid.swift */; };
		8D4D24FC24AC5C4F00982117 /* LazyHGrid.swift in Sources */ = {isa = PBXBuildFile; fileRef = 8D4D24FA24AC5C4F00982117 /* LazyHGrid.swift */; };
		8D51323324A3EE48007B13A3 /* LabelModifier.swift in Sources */ = {isa = PBXBuildFile; fileRef = 8D51323224A3EE48007B13A3 /* LabelModifier.swift */; };
		8D51323424A3EE48007B13A3 /* LabelModifier.swift in Sources */ = {isa = PBXBuildFile; fileRef = 8D51323224A3EE48007B13A3 /* LabelModifier.swift */; };
		8D72C99D24A5296F00C98579 /* ProgressviewModifier.swift in Sources */ = {isa = PBXBuildFile; fileRef = 8D72C99C24A5296F00C98579 /* ProgressviewModifier.swift */; };
		8D72C99E24A5296F00C98579 /* ProgressviewModifier.swift in Sources */ = {isa = PBXBuildFile; fileRef = 8D72C99C24A5296F00C98579 /* ProgressviewModifier.swift */; };
		8DC13F3924A75C00003CDA7A /* CommandsModifier.swift in Sources */ = {isa = PBXBuildFile; fileRef = 8DC13F3824A75C00003CDA7A /* CommandsModifier.swift */; };
		8DC13F3A24A75C00003CDA7A /* CommandsModifier.swift in Sources */ = {isa = PBXBuildFile; fileRef = 8DC13F3824A75C00003CDA7A /* CommandsModifier.swift */; };
		8DC13F3C24A76019003CDA7A /* SettingsView.swift in Sources */ = {isa = PBXBuildFile; fileRef = 8DC13F3B24A76019003CDA7A /* SettingsView.swift */; };
		8DC13F3D24A76019003CDA7A /* SettingsView.swift in Sources */ = {isa = PBXBuildFile; fileRef = 8DC13F3B24A76019003CDA7A /* SettingsView.swift */; };
		8DC13F3F24A76491003CDA7A /* DefaultAppStorageModifier.swift in Sources */ = {isa = PBXBuildFile; fileRef = 8DC13F3E24A76491003CDA7A /* DefaultAppStorageModifier.swift */; };
		8DC13F4024A76491003CDA7A /* DefaultAppStorageModifier.swift in Sources */ = {isa = PBXBuildFile; fileRef = 8DC13F3E24A76491003CDA7A /* DefaultAppStorageModifier.swift */; };
		8DC13F4224A764BC003CDA7A /* OnChangeModifier.swift in Sources */ = {isa = PBXBuildFile; fileRef = 8DC13F4124A764BC003CDA7A /* OnChangeModifier.swift */; };
		8DC13F4324A764BC003CDA7A /* OnChangeModifier.swift in Sources */ = {isa = PBXBuildFile; fileRef = 8DC13F4124A764BC003CDA7A /* OnChangeModifier.swift */; };
		8DC13F4524A764D0003CDA7A /* WindowStyleModifier.swift in Sources */ = {isa = PBXBuildFile; fileRef = 8DC13F4424A764D0003CDA7A /* WindowStyleModifier.swift */; };
		8DC13F4624A764D0003CDA7A /* WindowStyleModifier.swift in Sources */ = {isa = PBXBuildFile; fileRef = 8DC13F4424A764D0003CDA7A /* WindowStyleModifier.swift */; };
		8DC13F4824A764E3003CDA7A /* WindowToolbarStyleModifier.swift in Sources */ = {isa = PBXBuildFile; fileRef = 8DC13F4724A764E3003CDA7A /* WindowToolbarStyleModifier.swift */; };
		8DC13F4924A764E3003CDA7A /* WindowToolbarStyleModifier.swift in Sources */ = {isa = PBXBuildFile; fileRef = 8DC13F4724A764E3003CDA7A /* WindowToolbarStyleModifier.swift */; };
		8DDA5C3724A31A5800BF263B /* Tests_iOS.swift in Sources */ = {isa = PBXBuildFile; fileRef = 8DDA5C3624A31A5800BF263B /* Tests_iOS.swift */; };
		8DDA5C4224A31A5800BF263B /* Tests_macOS.swift in Sources */ = {isa = PBXBuildFile; fileRef = 8DDA5C4124A31A5800BF263B /* Tests_macOS.swift */; };
		8DDA5C4424A31A5800BF263B /* SwiftUI_2_0App.swift in Sources */ = {isa = PBXBuildFile; fileRef = 8DDA5C1B24A31A5700BF263B /* SwiftUI_2_0App.swift */; };
		8DDA5C4524A31A5800BF263B /* SwiftUI_2_0App.swift in Sources */ = {isa = PBXBuildFile; fileRef = 8DDA5C1B24A31A5700BF263B /* SwiftUI_2_0App.swift */; };
		8DDA5C4624A31A5800BF263B /* SuperFontModifier.swift in Sources */ = {isa = PBXBuildFile; fileRef = 8DDA5C1C24A31A5700BF263B /* SuperFontModifier.swift */; };
		8DDA5C4724A31A5800BF263B /* SuperFontModifier.swift in Sources */ = {isa = PBXBuildFile; fileRef = 8DDA5C1C24A31A5700BF263B /* SuperFontModifier.swift */; };
		8DDA5C4824A31A5800BF263B /* Assets.xcassets in Resources */ = {isa = PBXBuildFile; fileRef = 8DDA5C1D24A31A5800BF263B /* Assets.xcassets */; };
		8DDA5C4924A31A5800BF263B /* Assets.xcassets in Resources */ = {isa = PBXBuildFile; fileRef = 8DDA5C1D24A31A5800BF263B /* Assets.xcassets */; };
		8DDA5C5C24A3217D00BF263B /* LabelView.swift in Sources */ = {isa = PBXBuildFile; fileRef = 8DDA5C5B24A3217D00BF263B /* LabelView.swift */; };
		8DDA5C5D24A3217D00BF263B /* LabelView.swift in Sources */ = {isa = PBXBuildFile; fileRef = 8DDA5C5B24A3217D00BF263B /* LabelView.swift */; };
		8DDA5C5F24A3249300BF263B /* HelpModifier.swift in Sources */ = {isa = PBXBuildFile; fileRef = 8DDA5C5E24A3249300BF263B /* HelpModifier.swift */; };
		8DDA5C6024A3249300BF263B /* HelpModifier.swift in Sources */ = {isa = PBXBuildFile; fileRef = 8DDA5C5E24A3249300BF263B /* HelpModifier.swift */; };
		8DDA5C6224A3369B00BF263B /* KeyboardShortcutModifier.swift in Sources */ = {isa = PBXBuildFile; fileRef = 8DDA5C6124A3369B00BF263B /* KeyboardShortcutModifier.swift */; };
		8DDA5C6324A3369B00BF263B /* KeyboardShortcutModifier.swift in Sources */ = {isa = PBXBuildFile; fileRef = 8DDA5C6124A3369B00BF263B /* KeyboardShortcutModifier.swift */; };
		8DDA5C6524A3388A00BF263B /* ProgressViews.swift in Sources */ = {isa = PBXBuildFile; fileRef = 8DDA5C6424A3388A00BF263B /* ProgressViews.swift */; };
		8DDA5C6624A3388A00BF263B /* ProgressViews.swift in Sources */ = {isa = PBXBuildFile; fileRef = 8DDA5C6424A3388A00BF263B /* ProgressViews.swift */; };
		8DEBD13024A3E6AA004AAE41 /* ToolBarModifier.swift in Sources */ = {isa = PBXBuildFile; fileRef = 8DEBD12F24A3E6AA004AAE41 /* ToolBarModifier.swift */; };
		8DEBD13124A3E6AA004AAE41 /* ToolBarModifier.swift in Sources */ = {isa = PBXBuildFile; fileRef = 8DEBD12F24A3E6AA004AAE41 /* ToolBarModifier.swift */; };
		8DF93E9A24A77D7400B84CD0 /* ListStyleModifier.swift in Sources */ = {isa = PBXBuildFile; fileRef = 8DF93E9924A77D7400B84CD0 /* ListStyleModifier.swift */; };
		8DF93E9B24A77D7400B84CD0 /* ListStyleModifier.swift in Sources */ = {isa = PBXBuildFile; fileRef = 8DF93E9924A77D7400B84CD0 /* ListStyleModifier.swift */; };
		8DF93EAD24A78E9200B84CD0 /* Assets.xcassets in Resources */ = {isa = PBXBuildFile; fileRef = 8DF93EAC24A78E9200B84CD0 /* Assets.xcassets */; };
		8DF93EB424A78E9200B84CD0 /* SwiftUI 2.0 watchOS Extension.appex in Embed App Extensions */ = {isa = PBXBuildFile; fileRef = 8DF93EB324A78E9200B84CD0 /* SwiftUI 2.0 watchOS Extension.appex */; settings = {ATTRIBUTES = (RemoveHeadersOnCopy, ); }; };
		8DF93EB924A78E9200B84CD0 /* SwiftUI_2_0App.swift in Sources */ = {isa = PBXBuildFile; fileRef = 8DF93EB824A78E9200B84CD0 /* SwiftUI_2_0App.swift */; };
		8DF93EBB24A78E9200B84CD0 /* ContentView.swift in Sources */ = {isa = PBXBuildFile; fileRef = 8DF93EBA24A78E9200B84CD0 /* ContentView.swift */; };
		8DF93EBD24A78E9200B84CD0 /* NotificationController.swift in Sources */ = {isa = PBXBuildFile; fileRef = 8DF93EBC24A78E9200B84CD0 /* NotificationController.swift */; };
		8DF93EBF24A78E9200B84CD0 /* NotificationView.swift in Sources */ = {isa = PBXBuildFile; fileRef = 8DF93EBE24A78E9200B84CD0 /* NotificationView.swift */; };
		8DF93EC124A78E9300B84CD0 /* Assets.xcassets in Resources */ = {isa = PBXBuildFile; fileRef = 8DF93EC024A78E9300B84CD0 /* Assets.xcassets */; };
		8DF93EC424A78E9300B84CD0 /* Preview Assets.xcassets in Resources */ = {isa = PBXBuildFile; fileRef = 8DF93EC324A78E9300B84CD0 /* Preview Assets.xcassets */; };
		8DF93EC924A78E9300B84CD0 /* SwiftUI 2.0 watchOS.app in Embed Watch Content */ = {isa = PBXBuildFile; fileRef = 8DF93EAA24A78E9000B84CD0 /* SwiftUI 2.0 watchOS.app */; settings = {ATTRIBUTES = (RemoveHeadersOnCopy, ); }; };
		8DF93ED524A78F0700B84CD0 /* ListStyleModifier.swift in Sources */ = {isa = PBXBuildFile; fileRef = 8DF93ED424A78F0700B84CD0 /* ListStyleModifier.swift */; };
		8DF93EDF24A7955D00B84CD0 /* ChildrenListWithSideBarStyle.swift in Sources */ = {isa = PBXBuildFile; fileRef = 8DF93EDE24A7955D00B84CD0 /* ChildrenListWithSideBarStyle.swift */; };
		8DF93EE024A7955D00B84CD0 /* ChildrenListWithSideBarStyle.swift in Sources */ = {isa = PBXBuildFile; fileRef = 8DF93EDE24A7955D00B84CD0 /* ChildrenListWithSideBarStyle.swift */; };
		8DF93EE724A7B60700B84CD0 /* ToolBarItemPlacementModifier.swift in Sources */ = {isa = PBXBuildFile; fileRef = 8DF93EE624A7B60700B84CD0 /* ToolBarItemPlacementModifier.swift */; };
		8DF93EE824A7B60700B84CD0 /* ToolBarItemPlacementModifier.swift in Sources */ = {isa = PBXBuildFile; fileRef = 8DF93EE624A7B60700B84CD0 /* ToolBarItemPlacementModifier.swift */; };
		8DF93EEA24A7B62400B84CD0 /* ToolBarItemView.swift in Sources */ = {isa = PBXBuildFile; fileRef = 8DF93EE924A7B62400B84CD0 /* ToolBarItemView.swift */; };
		8DF93EEB24A7B62400B84CD0 /* ToolBarItemView.swift in Sources */ = {isa = PBXBuildFile; fileRef = 8DF93EE924A7B62400B84CD0 /* ToolBarItemView.swift */; };
		8DF93EED24A7DD2700B84CD0 /* ToolBarModifier.swift in Sources */ = {isa = PBXBuildFile; fileRef = 8DF93EEC24A7DD2700B84CD0 /* ToolBarModifier.swift */; };
		8DF93EF124A7E01A00B84CD0 /* CommandGroupPlacementModifier.swift in Sources */ = {isa = PBXBuildFile; fileRef = 8DF93EF024A7E01A00B84CD0 /* CommandGroupPlacementModifier.swift */; };
		8DF93EF224A7E01A00B84CD0 /* CommandGroupPlacementModifier.swift in Sources */ = {isa = PBXBuildFile; fileRef = 8DF93EF024A7E01A00B84CD0 /* CommandGroupPlacementModifier.swift */; };
		8DF93EF424A7E72F00B84CD0 /* GaugeView.swift in Sources */ = {isa = PBXBuildFile; fileRef = 8DF93EF324A7E72F00B84CD0 /* GaugeView.swift */; };
/* End PBXBuildFile section */

/* Begin PBXContainerItemProxy section */
		8DDA5C3324A31A5800BF263B /* PBXContainerItemProxy */ = {
			isa = PBXContainerItemProxy;
			containerPortal = 8DDA5C1624A31A5600BF263B /* Project object */;
			proxyType = 1;
			remoteGlobalIDString = 8DDA5C2124A31A5800BF263B;
			remoteInfo = iOS;
		};
		8DDA5C3E24A31A5800BF263B /* PBXContainerItemProxy */ = {
			isa = PBXContainerItemProxy;
			containerPortal = 8DDA5C1624A31A5600BF263B /* Project object */;
			proxyType = 1;
			remoteGlobalIDString = 8DDA5C2924A31A5800BF263B;
			remoteInfo = macOS;
		};
		8DF93EB524A78E9200B84CD0 /* PBXContainerItemProxy */ = {
			isa = PBXContainerItemProxy;
			containerPortal = 8DDA5C1624A31A5600BF263B /* Project object */;
			proxyType = 1;
			remoteGlobalIDString = 8DF93EB224A78E9200B84CD0;
			remoteInfo = "SwiftUI 2.0 watchOS Extension";
		};
		8DF93EC724A78E9300B84CD0 /* PBXContainerItemProxy */ = {
			isa = PBXContainerItemProxy;
			containerPortal = 8DDA5C1624A31A5600BF263B /* Project object */;
			proxyType = 1;
			remoteGlobalIDString = 8DF93EA924A78E9000B84CD0;
			remoteInfo = "SwiftUI 2.0 watchOS";
		};
/* End PBXContainerItemProxy section */

/* Begin PBXCopyFilesBuildPhase section */
		8DF93ECD24A78E9300B84CD0 /* Embed App Extensions */ = {
			isa = PBXCopyFilesBuildPhase;
			buildActionMask = 2147483647;
			dstPath = "";
			dstSubfolderSpec = 13;
			files = (
				8DF93EB424A78E9200B84CD0 /* SwiftUI 2.0 watchOS Extension.appex in Embed App Extensions */,
			);
			name = "Embed App Extensions";
			runOnlyForDeploymentPostprocessing = 0;
		};
		8DF93ED124A78E9300B84CD0 /* Embed Watch Content */ = {
			isa = PBXCopyFilesBuildPhase;
			buildActionMask = 2147483647;
			dstPath = "$(CONTENTS_FOLDER_PATH)/Watch";
			dstSubfolderSpec = 16;
			files = (
				8DF93EC924A78E9300B84CD0 /* SwiftUI 2.0 watchOS.app in Embed Watch Content */,
			);
			name = "Embed Watch Content";
			runOnlyForDeploymentPostprocessing = 0;
		};
/* End PBXCopyFilesBuildPhase section */

/* Begin PBXFileReference section */
		8D33BBE224AA79AC0097EC2E /* LazyVGridView.swift */ = {isa = PBXFileReference; lastKnownFileType = sourcecode.swift; path = LazyVGridView.swift; sourceTree = "<group>"; };
		8D33BBE524AA934B0097EC2E /* GridItemView.swift */ = {isa = PBXFileReference; lastKnownFileType = sourcecode.swift; path = GridItemView.swift; sourceTree = "<group>"; };
		8D3A766E24A892E600005971 /* ListItemTintModifier.swift */ = {isa = PBXFileReference; lastKnownFileType = sourcecode.swift; path = ListItemTintModifier.swift; sourceTree = "<group>"; };
		8D3A767124A899B000005971 /* ListItemTintModifier.swift */ = {isa = PBXFileReference; lastKnownFileType = sourcecode.swift; path = ListItemTintModifier.swift; sourceTree = "<group>"; };
		8D3A767324A89C2600005971 /* ToggleStyleModifier.swift */ = {isa = PBXFileReference; lastKnownFileType = sourcecode.swift; path = ToggleStyleModifier.swift; sourceTree = "<group>"; };
		8D3A767824A89FA200005971 /* LinkView.swift */ = {isa = PBXFileReference; lastKnownFileType = sourcecode.swift; path = LinkView.swift; sourceTree = "<group>"; };
		8D3A767B24A8A8BE00005971 /* EnvironmentOpenUrlWrapper.swift */ = {isa = PBXFileReference; lastKnownFileType = sourcecode.swift; path = EnvironmentOpenUrlWrapper.swift; sourceTree = "<group>"; };
		8D3A767E24A8AA1A00005971 /* SignInWithappleButtonView.swift */ = {isa = PBXFileReference; lastKnownFileType = sourcecode.swift; path = SignInWithappleButtonView.swift; sourceTree = "<group>"; };
		8D3A768124A8B07300005971 /* SignInWithAppleButtonStyleModifier.swift */ = {isa = PBXFileReference; lastKnownFileType = sourcecode.swift; path = SignInWithAppleButtonStyleModifier.swift; sourceTree = "<group>"; };
		8D3A768424A8B4E500005971 /* LinkView.swift */ = {isa = PBXFileReference; lastKnownFileType = sourcecode.swift; path = LinkView.swift; sourceTree = "<group>"; };
		8D3A768624A8C3F300005971 /* ContextMenuModifier.swift */ = {isa = PBXFileReference; lastKnownFileType = sourcecode.swift; path = ContextMenuModifier.swift; sourceTree = "<group>"; };
		8D3A768924A8C48E00005971 /* DocumentGroupView.swift */ = {isa = PBXFileReference; lastKnownFileType = sourcecode.swift; path = DocumentGroupView.swift; sourceTree = "<group>"; };
		8D3A768C24A8CFFA00005971 /* TextCaseModifier.swift */ = {isa = PBXFileReference; lastKnownFileType = sourcecode.swift; path = TextCaseModifier.swift; sourceTree = "<group>"; };
		8D3A768F24A8D85700005971 /* ColoredSFSymbolsView.swift */ = {isa = PBXFileReference; lastKnownFileType = sourcecode.swift; path = ColoredSFSymbolsView.swift; sourceTree = "<group>"; };
		8D3A769224A8E38800005971 /* TextEditorView.swift */ = {isa = PBXFileReference; lastKnownFileType = sourcecode.swift; path = TextEditorView.swift; sourceTree = "<group>"; };
		8D442ED724A7FE3A009995DD /* GaugeModifier.swift */ = {isa = PBXFileReference; lastKnownFileType = sourcecode.swift; path = GaugeModifier.swift; sourceTree = "<group>"; };
		8D442ED924A80401009995DD /* MatchedGeometryEffectModifier.swift */ = {isa = PBXFileReference; lastKnownFileType = sourcecode.swift; path = MatchedGeometryEffectModifier.swift; sourceTree = "<group>"; };
		8D442EDC24A80549009995DD /* ClipShapeModifier.swift */ = {isa = PBXFileReference; lastKnownFileType = sourcecode.swift; path = ClipShapeModifier.swift; sourceTree = "<group>"; };
		8D442EDF24A808CE009995DD /* CustomFontModifier.swift */ = {isa = PBXFileReference; lastKnownFileType = sourcecode.swift; path = CustomFontModifier.swift; sourceTree = "<group>"; };
		8D442EE324A80B23009995DD /* ImageInTextView.swift */ = {isa = PBXFileReference; lastKnownFileType = sourcecode.swift; path = ImageInTextView.swift; sourceTree = "<group>"; };
		8D442EE624A80B2C009995DD /* ScaleMetricWrapper.swift */ = {isa = PBXFileReference; lastKnownFileType = sourcecode.swift; path = ScaleMetricWrapper.swift; sourceTree = "<group>"; };
		8D4D24FA24AC5C4F00982117 /* LazyHGrid.swift */ = {isa = PBXFileReference; lastKnownFileType = sourcecode.swift; path = LazyHGrid.swift; sourceTree = "<group>"; };
		8D51323224A3EE48007B13A3 /* LabelModifier.swift */ = {isa = PBXFileReference; lastKnownFileType = sourcecode.swift; path = LabelModifier.swift; sourceTree = "<group>"; };
		8D72C99C24A5296F00C98579 /* ProgressviewModifier.swift */ = {isa = PBXFileReference; lastKnownFileType = sourcecode.swift; path = ProgressviewModifier.swift; sourceTree = "<group>"; };
		8DC13F3824A75C00003CDA7A /* CommandsModifier.swift */ = {isa = PBXFileReference; lastKnownFileType = sourcecode.swift; path = CommandsModifier.swift; sourceTree = "<group>"; };
		8DC13F3B24A76019003CDA7A /* SettingsView.swift */ = {isa = PBXFileReference; lastKnownFileType = sourcecode.swift; path = SettingsView.swift; sourceTree = "<group>"; };
		8DC13F3E24A76491003CDA7A /* DefaultAppStorageModifier.swift */ = {isa = PBXFileReference; lastKnownFileType = sourcecode.swift; path = DefaultAppStorageModifier.swift; sourceTree = "<group>"; };
		8DC13F4124A764BC003CDA7A /* OnChangeModifier.swift */ = {isa = PBXFileReference; lastKnownFileType = sourcecode.swift; path = OnChangeModifier.swift; sourceTree = "<group>"; };
		8DC13F4424A764D0003CDA7A /* WindowStyleModifier.swift */ = {isa = PBXFileReference; lastKnownFileType = sourcecode.swift; path = WindowStyleModifier.swift; sourceTree = "<group>"; };
		8DC13F4724A764E3003CDA7A /* WindowToolbarStyleModifier.swift */ = {isa = PBXFileReference; lastKnownFileType = sourcecode.swift; path = WindowToolbarStyleModifier.swift; sourceTree = "<group>"; };
		8DDA5C1B24A31A5700BF263B /* SwiftUI_2_0App.swift */ = {isa = PBXFileReference; lastKnownFileType = sourcecode.swift; path = SwiftUI_2_0App.swift; sourceTree = "<group>"; };
		8DDA5C1C24A31A5700BF263B /* SuperFontModifier.swift */ = {isa = PBXFileReference; lastKnownFileType = sourcecode.swift; path = SuperFontModifier.swift; sourceTree = "<group>"; };
		8DDA5C1D24A31A5800BF263B /* Assets.xcassets */ = {isa = PBXFileReference; lastKnownFileType = folder.assetcatalog; path = Assets.xcassets; sourceTree = "<group>"; };
		8DDA5C2224A31A5800BF263B /* SwiftUI 2.0.app */ = {isa = PBXFileReference; explicitFileType = wrapper.application; includeInIndex = 0; path = "SwiftUI 2.0.app"; sourceTree = BUILT_PRODUCTS_DIR; };
		8DDA5C2524A31A5800BF263B /* Info.plist */ = {isa = PBXFileReference; lastKnownFileType = text.plist.xml; path = Info.plist; sourceTree = "<group>"; };
		8DDA5C2A24A31A5800BF263B /* SwiftUI 2.0.app */ = {isa = PBXFileReference; explicitFileType = wrapper.application; includeInIndex = 0; path = "SwiftUI 2.0.app"; sourceTree = BUILT_PRODUCTS_DIR; };
		8DDA5C2C24A31A5800BF263B /* Info.plist */ = {isa = PBXFileReference; lastKnownFileType = text.plist.xml; path = Info.plist; sourceTree = "<group>"; };
		8DDA5C2D24A31A5800BF263B /* macOS.entitlements */ = {isa = PBXFileReference; lastKnownFileType = text.plist.entitlements; path = macOS.entitlements; sourceTree = "<group>"; };
		8DDA5C3224A31A5800BF263B /* Tests iOS.xctest */ = {isa = PBXFileReference; explicitFileType = wrapper.cfbundle; includeInIndex = 0; path = "Tests iOS.xctest"; sourceTree = BUILT_PRODUCTS_DIR; };
		8DDA5C3624A31A5800BF263B /* Tests_iOS.swift */ = {isa = PBXFileReference; lastKnownFileType = sourcecode.swift; path = Tests_iOS.swift; sourceTree = "<group>"; };
		8DDA5C3824A31A5800BF263B /* Info.plist */ = {isa = PBXFileReference; lastKnownFileType = text.plist.xml; path = Info.plist; sourceTree = "<group>"; };
		8DDA5C3D24A31A5800BF263B /* Tests macOS.xctest */ = {isa = PBXFileReference; explicitFileType = wrapper.cfbundle; includeInIndex = 0; path = "Tests macOS.xctest"; sourceTree = BUILT_PRODUCTS_DIR; };
		8DDA5C4124A31A5800BF263B /* Tests_macOS.swift */ = {isa = PBXFileReference; lastKnownFileType = sourcecode.swift; path = Tests_macOS.swift; sourceTree = "<group>"; };
		8DDA5C4324A31A5800BF263B /* Info.plist */ = {isa = PBXFileReference; lastKnownFileType = text.plist.xml; path = Info.plist; sourceTree = "<group>"; };
		8DDA5C5B24A3217D00BF263B /* LabelView.swift */ = {isa = PBXFileReference; lastKnownFileType = sourcecode.swift; path = LabelView.swift; sourceTree = "<group>"; };
		8DDA5C5E24A3249300BF263B /* HelpModifier.swift */ = {isa = PBXFileReference; lastKnownFileType = sourcecode.swift; path = HelpModifier.swift; sourceTree = "<group>"; };
		8DDA5C6124A3369B00BF263B /* KeyboardShortcutModifier.swift */ = {isa = PBXFileReference; lastKnownFileType = sourcecode.swift; path = KeyboardShortcutModifier.swift; sourceTree = "<group>"; };
		8DDA5C6424A3388A00BF263B /* ProgressViews.swift */ = {isa = PBXFileReference; lastKnownFileType = sourcecode.swift; path = ProgressViews.swift; sourceTree = "<group>"; };
		8DEBD12F24A3E6AA004AAE41 /* ToolBarModifier.swift */ = {isa = PBXFileReference; lastKnownFileType = sourcecode.swift; path = ToolBarModifier.swift; sourceTree = "<group>"; };
		8DF93E9924A77D7400B84CD0 /* ListStyleModifier.swift */ = {isa = PBXFileReference; lastKnownFileType = sourcecode.swift; path = ListStyleModifier.swift; sourceTree = "<group>"; };
		8DF93EAA24A78E9000B84CD0 /* SwiftUI 2.0 watchOS.app */ = {isa = PBXFileReference; explicitFileType = wrapper.application; includeInIndex = 0; path = "SwiftUI 2.0 watchOS.app"; sourceTree = BUILT_PRODUCTS_DIR; };
		8DF93EAC24A78E9200B84CD0 /* Assets.xcassets */ = {isa = PBXFileReference; lastKnownFileType = folder.assetcatalog; path = Assets.xcassets; sourceTree = "<group>"; };
		8DF93EAE24A78E9200B84CD0 /* Info.plist */ = {isa = PBXFileReference; lastKnownFileType = text.plist.xml; path = Info.plist; sourceTree = "<group>"; };
		8DF93EB324A78E9200B84CD0 /* SwiftUI 2.0 watchOS Extension.appex */ = {isa = PBXFileReference; explicitFileType = "wrapper.app-extension"; includeInIndex = 0; path = "SwiftUI 2.0 watchOS Extension.appex"; sourceTree = BUILT_PRODUCTS_DIR; };
		8DF93EB824A78E9200B84CD0 /* SwiftUI_2_0App.swift */ = {isa = PBXFileReference; lastKnownFileType = sourcecode.swift; path = SwiftUI_2_0App.swift; sourceTree = "<group>"; };
		8DF93EBA24A78E9200B84CD0 /* ContentView.swift */ = {isa = PBXFileReference; lastKnownFileType = sourcecode.swift; path = ContentView.swift; sourceTree = "<group>"; };
		8DF93EBC24A78E9200B84CD0 /* NotificationController.swift */ = {isa = PBXFileReference; lastKnownFileType = sourcecode.swift; path = NotificationController.swift; sourceTree = "<group>"; };
		8DF93EBE24A78E9200B84CD0 /* NotificationView.swift */ = {isa = PBXFileReference; lastKnownFileType = sourcecode.swift; path = NotificationView.swift; sourceTree = "<group>"; };
		8DF93EC024A78E9300B84CD0 /* Assets.xcassets */ = {isa = PBXFileReference; lastKnownFileType = folder.assetcatalog; path = Assets.xcassets; sourceTree = "<group>"; };
		8DF93EC324A78E9300B84CD0 /* Preview Assets.xcassets */ = {isa = PBXFileReference; lastKnownFileType = folder.assetcatalog; path = "Preview Assets.xcassets"; sourceTree = "<group>"; };
		8DF93EC524A78E9300B84CD0 /* Info.plist */ = {isa = PBXFileReference; lastKnownFileType = text.plist.xml; path = Info.plist; sourceTree = "<group>"; };
		8DF93EC624A78E9300B84CD0 /* PushNotificationPayload.apns */ = {isa = PBXFileReference; lastKnownFileType = text; path = PushNotificationPayload.apns; sourceTree = "<group>"; };
		8DF93ED424A78F0700B84CD0 /* ListStyleModifier.swift */ = {isa = PBXFileReference; lastKnownFileType = sourcecode.swift; path = ListStyleModifier.swift; sourceTree = "<group>"; };
		8DF93EDE24A7955D00B84CD0 /* ChildrenListWithSideBarStyle.swift */ = {isa = PBXFileReference; lastKnownFileType = sourcecode.swift; path = ChildrenListWithSideBarStyle.swift; sourceTree = "<group>"; };
		8DF93EE624A7B60700B84CD0 /* ToolBarItemPlacementModifier.swift */ = {isa = PBXFileReference; lastKnownFileType = sourcecode.swift; path = ToolBarItemPlacementModifier.swift; sourceTree = "<group>"; };
		8DF93EE924A7B62400B84CD0 /* ToolBarItemView.swift */ = {isa = PBXFileReference; lastKnownFileType = sourcecode.swift; path = ToolBarItemView.swift; sourceTree = "<group>"; };
		8DF93EEC24A7DD2700B84CD0 /* ToolBarModifier.swift */ = {isa = PBXFileReference; lastKnownFileType = sourcecode.swift; path = ToolBarModifier.swift; sourceTree = "<group>"; };
		8DF93EF024A7E01A00B84CD0 /* CommandGroupPlacementModifier.swift */ = {isa = PBXFileReference; lastKnownFileType = sourcecode.swift; path = CommandGroupPlacementModifier.swift; sourceTree = "<group>"; };
		8DF93EF324A7E72F00B84CD0 /* GaugeView.swift */ = {isa = PBXFileReference; lastKnownFileType = sourcecode.swift; path = GaugeView.swift; sourceTree = "<group>"; };
/* End PBXFileReference section */

/* Begin PBXFrameworksBuildPhase section */
		8DDA5C1F24A31A5800BF263B /* Frameworks */ = {
			isa = PBXFrameworksBuildPhase;
			buildActionMask = 2147483647;
			files = (
			);
			runOnlyForDeploymentPostprocessing = 0;
		};
		8DDA5C2724A31A5800BF263B /* Frameworks */ = {
			isa = PBXFrameworksBuildPhase;
			buildActionMask = 2147483647;
			files = (
			);
			runOnlyForDeploymentPostprocessing = 0;
		};
		8DDA5C2F24A31A5800BF263B /* Frameworks */ = {
			isa = PBXFrameworksBuildPhase;
			buildActionMask = 2147483647;
			files = (
			);
			runOnlyForDeploymentPostprocessing = 0;
		};
		8DDA5C3A24A31A5800BF263B /* Frameworks */ = {
			isa = PBXFrameworksBuildPhase;
			buildActionMask = 2147483647;
			files = (
			);
			runOnlyForDeploymentPostprocessing = 0;
		};
		8DF93EB024A78E9200B84CD0 /* Frameworks */ = {
			isa = PBXFrameworksBuildPhase;
			buildActionMask = 2147483647;
			files = (
			);
			runOnlyForDeploymentPostprocessing = 0;
		};
/* End PBXFrameworksBuildPhase section */

/* Begin PBXGroup section */
		8D442EE224A809B4009995DD /* PropretyWrapper */ = {
			isa = PBXGroup;
			children = (
				8D442EE624A80B2C009995DD /* ScaleMetricWrapper.swift */,
				8D3A767B24A8A8BE00005971 /* EnvironmentOpenUrlWrapper.swift */,
			);
			path = PropretyWrapper;
			sourceTree = "<group>";
		};
		8DDA5C1524A31A5600BF263B = {
			isa = PBXGroup;
			children = (
				8DDA5C1A24A31A5700BF263B /* Shared */,
				8DDA5C2424A31A5800BF263B /* iOS */,
				8DDA5C2B24A31A5800BF263B /* macOS */,
				8DDA5C3524A31A5800BF263B /* Tests iOS */,
				8DDA5C4024A31A5800BF263B /* Tests macOS */,
				8DF93EAB24A78E9000B84CD0 /* SwiftUI 2.0 watchOS */,
				8DF93EB724A78E9200B84CD0 /* SwiftUI 2.0 watchOS Extension */,
				8DDA5C2324A31A5800BF263B /* Products */,
			);
			sourceTree = "<group>";
		};
		8DDA5C1A24A31A5700BF263B /* Shared */ = {
			isa = PBXGroup;
			children = (
				8DDA5C1B24A31A5700BF263B /* SwiftUI_2_0App.swift */,
				8D442EE224A809B4009995DD /* PropretyWrapper */,
				8DEBD12E24A3E643004AAE41 /* Views */,
				8DEBD12D24A3E63D004AAE41 /* Modifiers */,
				8DDA5C1D24A31A5800BF263B /* Assets.xcassets */,
			);
			path = Shared;
			sourceTree = "<group>";
		};
		8DDA5C2324A31A5800BF263B /* Products */ = {
			isa = PBXGroup;
			children = (
				8DDA5C2224A31A5800BF263B /* SwiftUI 2.0.app */,
				8DDA5C2A24A31A5800BF263B /* SwiftUI 2.0.app */,
				8DDA5C3224A31A5800BF263B /* Tests iOS.xctest */,
				8DDA5C3D24A31A5800BF263B /* Tests macOS.xctest */,
				8DF93EAA24A78E9000B84CD0 /* SwiftUI 2.0 watchOS.app */,
				8DF93EB324A78E9200B84CD0 /* SwiftUI 2.0 watchOS Extension.appex */,
			);
			name = Products;
			sourceTree = "<group>";
		};
		8DDA5C2424A31A5800BF263B /* iOS */ = {
			isa = PBXGroup;
			children = (
				8DDA5C2524A31A5800BF263B /* Info.plist */,
			);
			path = iOS;
			sourceTree = "<group>";
		};
		8DDA5C2B24A31A5800BF263B /* macOS */ = {
			isa = PBXGroup;
			children = (
				8DDA5C2C24A31A5800BF263B /* Info.plist */,
				8DDA5C2D24A31A5800BF263B /* macOS.entitlements */,
			);
			path = macOS;
			sourceTree = "<group>";
		};
		8DDA5C3524A31A5800BF263B /* Tests iOS */ = {
			isa = PBXGroup;
			children = (
				8DDA5C3624A31A5800BF263B /* Tests_iOS.swift */,
				8DDA5C3824A31A5800BF263B /* Info.plist */,
			);
			path = "Tests iOS";
			sourceTree = "<group>";
		};
		8DDA5C4024A31A5800BF263B /* Tests macOS */ = {
			isa = PBXGroup;
			children = (
				8DDA5C4124A31A5800BF263B /* Tests_macOS.swift */,
				8DDA5C4324A31A5800BF263B /* Info.plist */,
			);
			path = "Tests macOS";
			sourceTree = "<group>";
		};
		8DEBD12D24A3E63D004AAE41 /* Modifiers */ = {
			isa = PBXGroup;
			children = (
				8D442EDC24A80549009995DD /* ClipShapeModifier.swift */,
				8DC13F3824A75C00003CDA7A /* CommandsModifier.swift */,
				8DF93EF024A7E01A00B84CD0 /* CommandGroupPlacementModifier.swift */,
				8D3A768624A8C3F300005971 /* ContextMenuModifier.swift */,
				8D442EDF24A808CE009995DD /* CustomFontModifier.swift */,
				8DC13F3E24A76491003CDA7A /* DefaultAppStorageModifier.swift */,
				8DDA5C5E24A3249300BF263B /* HelpModifier.swift */,
				8DDA5C6124A3369B00BF263B /* KeyboardShortcutModifier.swift */,
				8D51323224A3EE48007B13A3 /* LabelModifier.swift */,
				8D3A766E24A892E600005971 /* ListItemTintModifier.swift */,
				8DF93E9924A77D7400B84CD0 /* ListStyleModifier.swift */,
				8D442ED924A80401009995DD /* MatchedGeometryEffectModifier.swift */,
				8DC13F4124A764BC003CDA7A /* OnChangeModifier.swift */,
				8D72C99C24A5296F00C98579 /* ProgressviewModifier.swift */,
				8D3A768124A8B07300005971 /* SignInWithAppleButtonStyleModifier.swift */,
				8DDA5C1C24A31A5700BF263B /* SuperFontModifier.swift */,
				8D3A768C24A8CFFA00005971 /* TextCaseModifier.swift */,
				8D3A767324A89C2600005971 /* ToggleStyleModifier.swift */,
				8DEBD12F24A3E6AA004AAE41 /* ToolBarModifier.swift */,
				8DF93EE624A7B60700B84CD0 /* ToolBarItemPlacementModifier.swift */,
				8DC13F4424A764D0003CDA7A /* WindowStyleModifier.swift */,
				8DC13F4724A764E3003CDA7A /* WindowToolbarStyleModifier.swift */,
			);
			path = Modifiers;
			sourceTree = "<group>";
		};
		8DEBD12E24A3E643004AAE41 /* Views */ = {
			isa = PBXGroup;
			children = (
				8DF93EDE24A7955D00B84CD0 /* ChildrenListWithSideBarStyle.swift */,
				8D3A768F24A8D85700005971 /* ColoredSFSymbolsView.swift */,
				8D3A768924A8C48E00005971 /* DocumentGroupView.swift */,
				8D442EE324A80B23009995DD /* ImageInTextView.swift */,
				8DDA5C5B24A3217D00BF263B /* LabelView.swift */,
				8D3A767824A89FA200005971 /* LinkView.swift */,
				8DDA5C6424A3388A00BF263B /* ProgressViews.swift */,
				8DC13F3B24A76019003CDA7A /* SettingsView.swift */,
				8D3A767E24A8AA1A00005971 /* SignInWithappleButtonView.swift */,
				8D3A769224A8E38800005971 /* TextEditorView.swift */,
				8DF93EE924A7B62400B84CD0 /* ToolBarItemView.swift */,
				8D33BBE224AA79AC0097EC2E /* LazyVGridView.swift */,
				8D33BBE524AA934B0097EC2E /* GridItemView.swift */,
				8D4D24FA24AC5C4F00982117 /* LazyHGrid.swift */,
			);
			path = Views;
			sourceTree = "<group>";
		};
		8DF93EAB24A78E9000B84CD0 /* SwiftUI 2.0 watchOS */ = {
			isa = PBXGroup;
			children = (
				8DF93EAE24A78E9200B84CD0 /* Info.plist */,
				8DF93EAC24A78E9200B84CD0 /* Assets.xcassets */,
			);
			path = "SwiftUI 2.0 watchOS";
			sourceTree = "<group>";
		};
		8DF93EB724A78E9200B84CD0 /* SwiftUI 2.0 watchOS Extension */ = {
			isa = PBXGroup;
			children = (
				8DF93ED324A78EFA00B84CD0 /* Modifiers */,
				8DF93ED224A78EF300B84CD0 /* Views */,
				8DF93EB824A78E9200B84CD0 /* SwiftUI_2_0App.swift */,
				8DF93EBA24A78E9200B84CD0 /* ContentView.swift */,
				8DF93EBC24A78E9200B84CD0 /* NotificationController.swift */,
				8DF93EBE24A78E9200B84CD0 /* NotificationView.swift */,
				8DF93EC024A78E9300B84CD0 /* Assets.xcassets */,
				8DF93EC524A78E9300B84CD0 /* Info.plist */,
				8DF93EC624A78E9300B84CD0 /* PushNotificationPayload.apns */,
				8DF93EC224A78E9300B84CD0 /* Preview Content */,
			);
			path = "SwiftUI 2.0 watchOS Extension";
			sourceTree = "<group>";
		};
		8DF93EC224A78E9300B84CD0 /* Preview Content */ = {
			isa = PBXGroup;
			children = (
				8DF93EC324A78E9300B84CD0 /* Preview Assets.xcassets */,
			);
			path = "Preview Content";
			sourceTree = "<group>";
		};
		8DF93ED224A78EF300B84CD0 /* Views */ = {
			isa = PBXGroup;
			children = (
				8DF93EF324A7E72F00B84CD0 /* GaugeView.swift */,
				8D3A768424A8B4E500005971 /* LinkView.swift */,
			);
			path = Views;
			sourceTree = "<group>";
		};
		8DF93ED324A78EFA00B84CD0 /* Modifiers */ = {
			isa = PBXGroup;
			children = (
				8DF93ED424A78F0700B84CD0 /* ListStyleModifier.swift */,
				8DF93EEC24A7DD2700B84CD0 /* ToolBarModifier.swift */,
				8D442ED724A7FE3A009995DD /* GaugeModifier.swift */,
				8D3A767124A899B000005971 /* ListItemTintModifier.swift */,
			);
			path = Modifiers;
			sourceTree = "<group>";
		};
/* End PBXGroup section */

/* Begin PBXNativeTarget section */
		8DDA5C2124A31A5800BF263B /* iOS */ = {
			isa = PBXNativeTarget;
			buildConfigurationList = 8DDA5C4C24A31A5800BF263B /* Build configuration list for PBXNativeTarget "iOS" */;
			buildPhases = (
				8DDA5C1E24A31A5800BF263B /* Sources */,
				8DDA5C1F24A31A5800BF263B /* Frameworks */,
				8DDA5C2024A31A5800BF263B /* Resources */,
				8DF93ED124A78E9300B84CD0 /* Embed Watch Content */,
			);
			buildRules = (
			);
			dependencies = (
				8DF93EC824A78E9300B84CD0 /* PBXTargetDependency */,
			);
			name = iOS;
			productName = iOS;
			productReference = 8DDA5C2224A31A5800BF263B /* SwiftUI 2.0.app */;
			productType = "com.apple.product-type.application";
		};
		8DDA5C2924A31A5800BF263B /* macOS */ = {
			isa = PBXNativeTarget;
			buildConfigurationList = 8DDA5C4F24A31A5800BF263B /* Build configuration list for PBXNativeTarget "macOS" */;
			buildPhases = (
				8DDA5C2624A31A5800BF263B /* Sources */,
				8DDA5C2724A31A5800BF263B /* Frameworks */,
				8DDA5C2824A31A5800BF263B /* Resources */,
			);
			buildRules = (
			);
			dependencies = (
			);
			name = macOS;
			productName = macOS;
			productReference = 8DDA5C2A24A31A5800BF263B /* SwiftUI 2.0.app */;
			productType = "com.apple.product-type.application";
		};
		8DDA5C3124A31A5800BF263B /* Tests iOS */ = {
			isa = PBXNativeTarget;
			buildConfigurationList = 8DDA5C5224A31A5800BF263B /* Build configuration list for PBXNativeTarget "Tests iOS" */;
			buildPhases = (
				8DDA5C2E24A31A5800BF263B /* Sources */,
				8DDA5C2F24A31A5800BF263B /* Frameworks */,
				8DDA5C3024A31A5800BF263B /* Resources */,
			);
			buildRules = (
			);
			dependencies = (
				8DDA5C3424A31A5800BF263B /* PBXTargetDependency */,
			);
			name = "Tests iOS";
			productName = "Tests iOS";
			productReference = 8DDA5C3224A31A5800BF263B /* Tests iOS.xctest */;
			productType = "com.apple.product-type.bundle.ui-testing";
		};
		8DDA5C3C24A31A5800BF263B /* Tests macOS */ = {
			isa = PBXNativeTarget;
			buildConfigurationList = 8DDA5C5524A31A5800BF263B /* Build configuration list for PBXNativeTarget "Tests macOS" */;
			buildPhases = (
				8DDA5C3924A31A5800BF263B /* Sources */,
				8DDA5C3A24A31A5800BF263B /* Frameworks */,
				8DDA5C3B24A31A5800BF263B /* Resources */,
			);
			buildRules = (
			);
			dependencies = (
				8DDA5C3F24A31A5800BF263B /* PBXTargetDependency */,
			);
			name = "Tests macOS";
			productName = "Tests macOS";
			productReference = 8DDA5C3D24A31A5800BF263B /* Tests macOS.xctest */;
			productType = "com.apple.product-type.bundle.ui-testing";
		};
		8DF93EA924A78E9000B84CD0 /* SwiftUI 2.0 watchOS */ = {
			isa = PBXNativeTarget;
			buildConfigurationList = 8DF93ECE24A78E9300B84CD0 /* Build configuration list for PBXNativeTarget "SwiftUI 2.0 watchOS" */;
			buildPhases = (
				8DF93EA824A78E9000B84CD0 /* Resources */,
				8DF93ECD24A78E9300B84CD0 /* Embed App Extensions */,
			);
			buildRules = (
			);
			dependencies = (
				8DF93EB624A78E9200B84CD0 /* PBXTargetDependency */,
			);
			name = "SwiftUI 2.0 watchOS";
			productName = "SwiftUI 2.0 watchOS";
			productReference = 8DF93EAA24A78E9000B84CD0 /* SwiftUI 2.0 watchOS.app */;
			productType = "com.apple.product-type.application.watchapp2";
		};
		8DF93EB224A78E9200B84CD0 /* SwiftUI 2.0 watchOS Extension */ = {
			isa = PBXNativeTarget;
			buildConfigurationList = 8DF93ECA24A78E9300B84CD0 /* Build configuration list for PBXNativeTarget "SwiftUI 2.0 watchOS Extension" */;
			buildPhases = (
				8DF93EAF24A78E9200B84CD0 /* Sources */,
				8DF93EB024A78E9200B84CD0 /* Frameworks */,
				8DF93EB124A78E9200B84CD0 /* Resources */,
			);
			buildRules = (
			);
			dependencies = (
			);
			name = "SwiftUI 2.0 watchOS Extension";
			productName = "SwiftUI 2.0 watchOS Extension";
			productReference = 8DF93EB324A78E9200B84CD0 /* SwiftUI 2.0 watchOS Extension.appex */;
			productType = "com.apple.product-type.watchkit2-extension";
		};
/* End PBXNativeTarget section */

/* Begin PBXProject section */
		8DDA5C1624A31A5600BF263B /* Project object */ = {
			isa = PBXProject;
			attributes = {
				LastSwiftUpdateCheck = 1200;
				LastUpgradeCheck = 1200;
				TargetAttributes = {
					8DDA5C2124A31A5800BF263B = {
						CreatedOnToolsVersion = 12.0;
					};
					8DDA5C2924A31A5800BF263B = {
						CreatedOnToolsVersion = 12.0;
					};
					8DDA5C3124A31A5800BF263B = {
						CreatedOnToolsVersion = 12.0;
						TestTargetID = 8DDA5C2124A31A5800BF263B;
					};
					8DDA5C3C24A31A5800BF263B = {
						CreatedOnToolsVersion = 12.0;
						TestTargetID = 8DDA5C2924A31A5800BF263B;
					};
					8DF93EA924A78E9000B84CD0 = {
						CreatedOnToolsVersion = 12.0;
					};
					8DF93EB224A78E9200B84CD0 = {
						CreatedOnToolsVersion = 12.0;
					};
				};
			};
			buildConfigurationList = 8DDA5C1924A31A5600BF263B /* Build configuration list for PBXProject "SwiftUI 2.0" */;
			compatibilityVersion = "Xcode 9.3";
			developmentRegion = en;
			hasScannedForEncodings = 0;
			knownRegions = (
				en,
				Base,
			);
			mainGroup = 8DDA5C1524A31A5600BF263B;
			productRefGroup = 8DDA5C2324A31A5800BF263B /* Products */;
			projectDirPath = "";
			projectRoot = "";
			targets = (
				8DDA5C2124A31A5800BF263B /* iOS */,
				8DDA5C2924A31A5800BF263B /* macOS */,
				8DDA5C3124A31A5800BF263B /* Tests iOS */,
				8DDA5C3C24A31A5800BF263B /* Tests macOS */,
				8DF93EA924A78E9000B84CD0 /* SwiftUI 2.0 watchOS */,
				8DF93EB224A78E9200B84CD0 /* SwiftUI 2.0 watchOS Extension */,
			);
		};
/* End PBXProject section */

/* Begin PBXResourcesBuildPhase section */
		8DDA5C2024A31A5800BF263B /* Resources */ = {
			isa = PBXResourcesBuildPhase;
			buildActionMask = 2147483647;
			files = (
				8DDA5C4824A31A5800BF263B /* Assets.xcassets in Resources */,
			);
			runOnlyForDeploymentPostprocessing = 0;
		};
		8DDA5C2824A31A5800BF263B /* Resources */ = {
			isa = PBXResourcesBuildPhase;
			buildActionMask = 2147483647;
			files = (
				8DDA5C4924A31A5800BF263B /* Assets.xcassets in Resources */,
			);
			runOnlyForDeploymentPostprocessing = 0;
		};
		8DDA5C3024A31A5800BF263B /* Resources */ = {
			isa = PBXResourcesBuildPhase;
			buildActionMask = 2147483647;
			files = (
			);
			runOnlyForDeploymentPostprocessing = 0;
		};
		8DDA5C3B24A31A5800BF263B /* Resources */ = {
			isa = PBXResourcesBuildPhase;
			buildActionMask = 2147483647;
			files = (
			);
			runOnlyForDeploymentPostprocessing = 0;
		};
		8DF93EA824A78E9000B84CD0 /* Resources */ = {
			isa = PBXResourcesBuildPhase;
			buildActionMask = 2147483647;
			files = (
				8DF93EAD24A78E9200B84CD0 /* Assets.xcassets in Resources */,
			);
			runOnlyForDeploymentPostprocessing = 0;
		};
		8DF93EB124A78E9200B84CD0 /* Resources */ = {
			isa = PBXResourcesBuildPhase;
			buildActionMask = 2147483647;
			files = (
				8DF93EC424A78E9300B84CD0 /* Preview Assets.xcassets in Resources */,
				8DF93EC124A78E9300B84CD0 /* Assets.xcassets in Resources */,
			);
			runOnlyForDeploymentPostprocessing = 0;
		};
/* End PBXResourcesBuildPhase section */

/* Begin PBXSourcesBuildPhase section */
		8DDA5C1E24A31A5800BF263B /* Sources */ = {
			isa = PBXSourcesBuildPhase;
			buildActionMask = 2147483647;
			files = (
				8D3A767C24A8A8BE00005971 /* EnvironmentOpenUrlWrapper.swift in Sources */,
				8DDA5C4624A31A5800BF263B /* SuperFontModifier.swift in Sources */,
				8DEBD13024A3E6AA004AAE41 /* ToolBarModifier.swift in Sources */,
				8D442EE424A80B23009995DD /* ImageInTextView.swift in Sources */,
				8D3A767424A89C2600005971 /* ToggleStyleModifier.swift in Sources */,
				8DC13F4824A764E3003CDA7A /* WindowToolbarStyleModifier.swift in Sources */,
				8D33BBE324AA79AC0097EC2E /* LazyVGridView.swift in Sources */,
				8D4D24FB24AC5C4F00982117 /* LazyHGrid.swift in Sources */,
				8D3A769324A8E38800005971 /* TextEditorView.swift in Sources */,
				8D3A766F24A892E600005971 /* ListItemTintModifier.swift in Sources */,
				8DDA5C4424A31A5800BF263B /* SwiftUI_2_0App.swift in Sources */,
				8DDA5C5C24A3217D00BF263B /* LabelView.swift in Sources */,
				8DF93EDF24A7955D00B84CD0 /* ChildrenListWithSideBarStyle.swift in Sources */,
				8DC13F4524A764D0003CDA7A /* WindowStyleModifier.swift in Sources */,
				8D442EE024A808CE009995DD /* CustomFontModifier.swift in Sources */,
				8D3A769024A8D85700005971 /* ColoredSFSymbolsView.swift in Sources */,
				8DDA5C6524A3388A00BF263B /* ProgressViews.swift in Sources */,
				8D3A768D24A8CFFA00005971 /* TextCaseModifier.swift in Sources */,
				8D51323324A3EE48007B13A3 /* LabelModifier.swift in Sources */,
				8DF93EEA24A7B62400B84CD0 /* ToolBarItemView.swift in Sources */,
				8DC13F3924A75C00003CDA7A /* CommandsModifier.swift in Sources */,
				8D72C99D24A5296F00C98579 /* ProgressviewModifier.swift in Sources */,
				8D33BBE624AA934B0097EC2E /* GridItemView.swift in Sources */,
				8D3A767F24A8AA1A00005971 /* SignInWithappleButtonView.swift in Sources */,
				8DC13F3F24A76491003CDA7A /* DefaultAppStorageModifier.swift in Sources */,
				8D442EDA24A80402009995DD /* MatchedGeometryEffectModifier.swift in Sources */,
				8DDA5C6224A3369B00BF263B /* KeyboardShortcutModifier.swift in Sources */,
				8D3A768A24A8C48E00005971 /* DocumentGroupView.swift in Sources */,
				8D442EE724A80B2C009995DD /* ScaleMetricWrapper.swift in Sources */,
				8DF93EF124A7E01A00B84CD0 /* CommandGroupPlacementModifier.swift in Sources */,
				8DDA5C5F24A3249300BF263B /* HelpModifier.swift in Sources */,
				8DC13F4224A764BC003CDA7A /* OnChangeModifier.swift in Sources */,
				8D3A768224A8B07300005971 /* SignInWithAppleButtonStyleModifier.swift in Sources */,
				8D442EDD24A80549009995DD /* ClipShapeModifier.swift in Sources */,
				8DF93E9A24A77D7400B84CD0 /* ListStyleModifier.swift in Sources */,
				8DC13F3C24A76019003CDA7A /* SettingsView.swift in Sources */,
				8D3A768724A8C3F300005971 /* ContextMenuModifier.swift in Sources */,
				8D3A767924A89FA200005971 /* LinkView.swift in Sources */,
				8DF93EE724A7B60700B84CD0 /* ToolBarItemPlacementModifier.swift in Sources */,
			);
			runOnlyForDeploymentPostprocessing = 0;
		};
		8DDA5C2624A31A5800BF263B /* Sources */ = {
			isa = PBXSourcesBuildPhase;
			buildActionMask = 2147483647;
			files = (
				8D3A767D24A8A8BE00005971 /* EnvironmentOpenUrlWrapper.swift in Sources */,
				8DDA5C4724A31A5800BF263B /* SuperFontModifier.swift in Sources */,
				8DEBD13124A3E6AA004AAE41 /* ToolBarModifier.swift in Sources */,
				8D442EE524A80B23009995DD /* ImageInTextView.swift in Sources */,
				8D3A767524A89C2600005971 /* ToggleStyleModifier.swift in Sources */,
				8DC13F4924A764E3003CDA7A /* WindowToolbarStyleModifier.swift in Sources */,
				8D33BBE424AA79AC0097EC2E /* LazyVGridView.swift in Sources */,
				8D4D24FC24AC5C4F00982117 /* LazyHGrid.swift in Sources */,
				8D3A769424A8E38800005971 /* TextEditorView.swift in Sources */,
				8D3A767024A892E600005971 /* ListItemTintModifier.swift in Sources */,
				8DDA5C4524A31A5800BF263B /* SwiftUI_2_0App.swift in Sources */,
				8DDA5C5D24A3217D00BF263B /* LabelView.swift in Sources */,
				8DF93EE024A7955D00B84CD0 /* ChildrenListWithSideBarStyle.swift in Sources */,
				8DC13F4624A764D0003CDA7A /* WindowStyleModifier.swift in Sources */,
				8D442EE124A808CE009995DD /* CustomFontModifier.swift in Sources */,
				8D3A769124A8D85700005971 /* ColoredSFSymbolsView.swift in Sources */,
				8DDA5C6624A3388A00BF263B /* ProgressViews.swift in Sources */,
				8D3A768E24A8CFFA00005971 /* TextCaseModifier.swift in Sources */,
				8D51323424A3EE48007B13A3 /* LabelModifier.swift in Sources */,
				8DF93EEB24A7B62400B84CD0 /* ToolBarItemView.swift in Sources */,
				8DC13F3A24A75C00003CDA7A /* CommandsModifier.swift in Sources */,
				8D72C99E24A5296F00C98579 /* ProgressviewModifier.swift in Sources */,
				8D33BBE724AA934B0097EC2E /* GridItemView.swift in Sources */,
				8D3A768024A8AA1A00005971 /* SignInWithappleButtonView.swift in Sources */,
				8DC13F4024A76491003CDA7A /* DefaultAppStorageModifier.swift in Sources */,
				8D442EDB24A80402009995DD /* MatchedGeometryEffectModifier.swift in Sources */,
				8DDA5C6324A3369B00BF263B /* KeyboardShortcutModifier.swift in Sources */,
				8D3A768B24A8C48E00005971 /* DocumentGroupView.swift in Sources */,
				8D442EE824A80B2C009995DD /* ScaleMetricWrapper.swift in Sources */,
				8DF93EF224A7E01A00B84CD0 /* CommandGroupPlacementModifier.swift in Sources */,
				8DDA5C6024A3249300BF263B /* HelpModifier.swift in Sources */,
				8DC13F4324A764BC003CDA7A /* OnChangeModifier.swift in Sources */,
				8D3A768324A8B07300005971 /* SignInWithAppleButtonStyleModifier.swift in Sources */,
				8D442EDE24A80549009995DD /* ClipShapeModifier.swift in Sources */,
				8DF93E9B24A77D7400B84CD0 /* ListStyleModifier.swift in Sources */,
				8DC13F3D24A76019003CDA7A /* SettingsView.swift in Sources */,
				8D3A768824A8C3F300005971 /* ContextMenuModifier.swift in Sources */,
				8D3A767A24A89FA200005971 /* LinkView.swift in Sources */,
				8DF93EE824A7B60700B84CD0 /* ToolBarItemPlacementModifier.swift in Sources */,
			);
			runOnlyForDeploymentPostprocessing = 0;
		};
		8DDA5C2E24A31A5800BF263B /* Sources */ = {
			isa = PBXSourcesBuildPhase;
			buildActionMask = 2147483647;
			files = (
				8DDA5C3724A31A5800BF263B /* Tests_iOS.swift in Sources */,
			);
			runOnlyForDeploymentPostprocessing = 0;
		};
		8DDA5C3924A31A5800BF263B /* Sources */ = {
			isa = PBXSourcesBuildPhase;
			buildActionMask = 2147483647;
			files = (
				8DDA5C4224A31A5800BF263B /* Tests_macOS.swift in Sources */,
			);
			runOnlyForDeploymentPostprocessing = 0;
		};
		8DF93EAF24A78E9200B84CD0 /* Sources */ = {
			isa = PBXSourcesBuildPhase;
			buildActionMask = 2147483647;
			files = (
				8DF93ED524A78F0700B84CD0 /* ListStyleModifier.swift in Sources */,
				8DF93EBD24A78E9200B84CD0 /* NotificationController.swift in Sources */,
				8DF93EBB24A78E9200B84CD0 /* ContentView.swift in Sources */,
				8DF93EB924A78E9200B84CD0 /* SwiftUI_2_0App.swift in Sources */,
				8D3A768524A8B4E500005971 /* LinkView.swift in Sources */,
				8DF93EF424A7E72F00B84CD0 /* GaugeView.swift in Sources */,
				8DF93EBF24A78E9200B84CD0 /* NotificationView.swift in Sources */,
				8D442ED824A7FE3A009995DD /* GaugeModifier.swift in Sources */,
				8DF93EED24A7DD2700B84CD0 /* ToolBarModifier.swift in Sources */,
				8D3A767224A899B000005971 /* ListItemTintModifier.swift in Sources */,
			);
			runOnlyForDeploymentPostprocessing = 0;
		};
/* End PBXSourcesBuildPhase section */

/* Begin PBXTargetDependency section */
		8DDA5C3424A31A5800BF263B /* PBXTargetDependency */ = {
			isa = PBXTargetDependency;
			target = 8DDA5C2124A31A5800BF263B /* iOS */;
			targetProxy = 8DDA5C3324A31A5800BF263B /* PBXContainerItemProxy */;
		};
		8DDA5C3F24A31A5800BF263B /* PBXTargetDependency */ = {
			isa = PBXTargetDependency;
			target = 8DDA5C2924A31A5800BF263B /* macOS */;
			targetProxy = 8DDA5C3E24A31A5800BF263B /* PBXContainerItemProxy */;
		};
		8DF93EB624A78E9200B84CD0 /* PBXTargetDependency */ = {
			isa = PBXTargetDependency;
			target = 8DF93EB224A78E9200B84CD0 /* SwiftUI 2.0 watchOS Extension */;
			targetProxy = 8DF93EB524A78E9200B84CD0 /* PBXContainerItemProxy */;
		};
		8DF93EC824A78E9300B84CD0 /* PBXTargetDependency */ = {
			isa = PBXTargetDependency;
			target = 8DF93EA924A78E9000B84CD0 /* SwiftUI 2.0 watchOS */;
			targetProxy = 8DF93EC724A78E9300B84CD0 /* PBXContainerItemProxy */;
		};
/* End PBXTargetDependency section */

/* Begin XCBuildConfiguration section */
		8DDA5C4A24A31A5800BF263B /* Debug */ = {
			isa = XCBuildConfiguration;
			buildSettings = {
				ALWAYS_SEARCH_USER_PATHS = NO;
				CLANG_ANALYZER_NONNULL = YES;
				CLANG_ANALYZER_NUMBER_OBJECT_CONVERSION = YES_AGGRESSIVE;
				CLANG_CXX_LANGUAGE_STANDARD = "gnu++14";
				CLANG_CXX_LIBRARY = "libc++";
				CLANG_ENABLE_MODULES = YES;
				CLANG_ENABLE_OBJC_ARC = YES;
				CLANG_ENABLE_OBJC_WEAK = YES;
				CLANG_WARN_BLOCK_CAPTURE_AUTORELEASING = YES;
				CLANG_WARN_BOOL_CONVERSION = YES;
				CLANG_WARN_COMMA = YES;
				CLANG_WARN_CONSTANT_CONVERSION = YES;
				CLANG_WARN_DEPRECATED_OBJC_IMPLEMENTATIONS = YES;
				CLANG_WARN_DIRECT_OBJC_ISA_USAGE = YES_ERROR;
				CLANG_WARN_DOCUMENTATION_COMMENTS = YES;
				CLANG_WARN_EMPTY_BODY = YES;
				CLANG_WARN_ENUM_CONVERSION = YES;
				CLANG_WARN_INFINITE_RECURSION = YES;
				CLANG_WARN_INT_CONVERSION = YES;
				CLANG_WARN_NON_LITERAL_NULL_CONVERSION = YES;
				CLANG_WARN_OBJC_IMPLICIT_RETAIN_SELF = YES;
				CLANG_WARN_OBJC_LITERAL_CONVERSION = YES;
				CLANG_WARN_OBJC_ROOT_CLASS = YES_ERROR;
				CLANG_WARN_QUOTED_INCLUDE_IN_FRAMEWORK_HEADER = YES;
				CLANG_WARN_RANGE_LOOP_ANALYSIS = YES;
				CLANG_WARN_STRICT_PROTOTYPES = YES;
				CLANG_WARN_SUSPICIOUS_MOVE = YES;
				CLANG_WARN_UNGUARDED_AVAILABILITY = YES_AGGRESSIVE;
				CLANG_WARN_UNREACHABLE_CODE = YES;
				CLANG_WARN__DUPLICATE_METHOD_MATCH = YES;
				COPY_PHASE_STRIP = NO;
				DEBUG_INFORMATION_FORMAT = dwarf;
				ENABLE_STRICT_OBJC_MSGSEND = YES;
				ENABLE_TESTABILITY = YES;
				GCC_C_LANGUAGE_STANDARD = gnu11;
				GCC_DYNAMIC_NO_PIC = NO;
				GCC_NO_COMMON_BLOCKS = YES;
				GCC_OPTIMIZATION_LEVEL = 0;
				GCC_PREPROCESSOR_DEFINITIONS = (
					"DEBUG=1",
					"$(inherited)",
				);
				GCC_WARN_64_TO_32_BIT_CONVERSION = YES;
				GCC_WARN_ABOUT_RETURN_TYPE = YES_ERROR;
				GCC_WARN_UNDECLARED_SELECTOR = YES;
				GCC_WARN_UNINITIALIZED_AUTOS = YES_AGGRESSIVE;
				GCC_WARN_UNUSED_FUNCTION = YES;
				GCC_WARN_UNUSED_VARIABLE = YES;
				MTL_ENABLE_DEBUG_INFO = INCLUDE_SOURCE;
				MTL_FAST_MATH = YES;
				ONLY_ACTIVE_ARCH = YES;
				SWIFT_ACTIVE_COMPILATION_CONDITIONS = DEBUG;
				SWIFT_OPTIMIZATION_LEVEL = "-Onone";
			};
			name = Debug;
		};
		8DDA5C4B24A31A5800BF263B /* Release */ = {
			isa = XCBuildConfiguration;
			buildSettings = {
				ALWAYS_SEARCH_USER_PATHS = NO;
				CLANG_ANALYZER_NONNULL = YES;
				CLANG_ANALYZER_NUMBER_OBJECT_CONVERSION = YES_AGGRESSIVE;
				CLANG_CXX_LANGUAGE_STANDARD = "gnu++14";
				CLANG_CXX_LIBRARY = "libc++";
				CLANG_ENABLE_MODULES = YES;
				CLANG_ENABLE_OBJC_ARC = YES;
				CLANG_ENABLE_OBJC_WEAK = YES;
				CLANG_WARN_BLOCK_CAPTURE_AUTORELEASING = YES;
				CLANG_WARN_BOOL_CONVERSION = YES;
				CLANG_WARN_COMMA = YES;
				CLANG_WARN_CONSTANT_CONVERSION = YES;
				CLANG_WARN_DEPRECATED_OBJC_IMPLEMENTATIONS = YES;
				CLANG_WARN_DIRECT_OBJC_ISA_USAGE = YES_ERROR;
				CLANG_WARN_DOCUMENTATION_COMMENTS = YES;
				CLANG_WARN_EMPTY_BODY = YES;
				CLANG_WARN_ENUM_CONVERSION = YES;
				CLANG_WARN_INFINITE_RECURSION = YES;
				CLANG_WARN_INT_CONVERSION = YES;
				CLANG_WARN_NON_LITERAL_NULL_CONVERSION = YES;
				CLANG_WARN_OBJC_IMPLICIT_RETAIN_SELF = YES;
				CLANG_WARN_OBJC_LITERAL_CONVERSION = YES;
				CLANG_WARN_OBJC_ROOT_CLASS = YES_ERROR;
				CLANG_WARN_QUOTED_INCLUDE_IN_FRAMEWORK_HEADER = YES;
				CLANG_WARN_RANGE_LOOP_ANALYSIS = YES;
				CLANG_WARN_STRICT_PROTOTYPES = YES;
				CLANG_WARN_SUSPICIOUS_MOVE = YES;
				CLANG_WARN_UNGUARDED_AVAILABILITY = YES_AGGRESSIVE;
				CLANG_WARN_UNREACHABLE_CODE = YES;
				CLANG_WARN__DUPLICATE_METHOD_MATCH = YES;
				COPY_PHASE_STRIP = NO;
				DEBUG_INFORMATION_FORMAT = "dwarf-with-dsym";
				ENABLE_NS_ASSERTIONS = NO;
				ENABLE_STRICT_OBJC_MSGSEND = YES;
				GCC_C_LANGUAGE_STANDARD = gnu11;
				GCC_NO_COMMON_BLOCKS = YES;
				GCC_WARN_64_TO_32_BIT_CONVERSION = YES;
				GCC_WARN_ABOUT_RETURN_TYPE = YES_ERROR;
				GCC_WARN_UNDECLARED_SELECTOR = YES;
				GCC_WARN_UNINITIALIZED_AUTOS = YES_AGGRESSIVE;
				GCC_WARN_UNUSED_FUNCTION = YES;
				GCC_WARN_UNUSED_VARIABLE = YES;
				MTL_ENABLE_DEBUG_INFO = NO;
				MTL_FAST_MATH = YES;
				SWIFT_COMPILATION_MODE = wholemodule;
				SWIFT_OPTIMIZATION_LEVEL = "-O";
			};
			name = Release;
		};
		8DDA5C4D24A31A5800BF263B /* Debug */ = {
			isa = XCBuildConfiguration;
			buildSettings = {
				ASSETCATALOG_COMPILER_APPICON_NAME = AppIcon;
				ASSETCATALOG_COMPILER_GLOBAL_ACCENT_COLOR_NAME = AccentColor;
				CODE_SIGN_STYLE = Automatic;
				DEVELOPMENT_TEAM = S7HY56XG6J;
				ENABLE_PREVIEWS = YES;
				INFOPLIST_FILE = iOS/Info.plist;
				IPHONEOS_DEPLOYMENT_TARGET = 14.0;
				LD_RUNPATH_SEARCH_PATHS = (
					"$(inherited)",
					"@executable_path/Frameworks",
				);
				PRODUCT_BUNDLE_IDENTIFIER = "Lucas-Abijmil.SwiftUI-2-0";
				PRODUCT_NAME = "SwiftUI 2.0";
				SDKROOT = iphoneos;
				SWIFT_VERSION = 5.0;
				TARGETED_DEVICE_FAMILY = "1,2";
			};
			name = Debug;
		};
		8DDA5C4E24A31A5800BF263B /* Release */ = {
			isa = XCBuildConfiguration;
			buildSettings = {
				ASSETCATALOG_COMPILER_APPICON_NAME = AppIcon;
				ASSETCATALOG_COMPILER_GLOBAL_ACCENT_COLOR_NAME = AccentColor;
				CODE_SIGN_STYLE = Automatic;
				DEVELOPMENT_TEAM = S7HY56XG6J;
				ENABLE_PREVIEWS = YES;
				INFOPLIST_FILE = iOS/Info.plist;
				IPHONEOS_DEPLOYMENT_TARGET = 14.0;
				LD_RUNPATH_SEARCH_PATHS = (
					"$(inherited)",
					"@executable_path/Frameworks",
				);
				PRODUCT_BUNDLE_IDENTIFIER = "Lucas-Abijmil.SwiftUI-2-0";
				PRODUCT_NAME = "SwiftUI 2.0";
				SDKROOT = iphoneos;
				SWIFT_VERSION = 5.0;
				TARGETED_DEVICE_FAMILY = "1,2";
				VALIDATE_PRODUCT = YES;
			};
			name = Release;
		};
		8DDA5C5024A31A5800BF263B /* Debug */ = {
			isa = XCBuildConfiguration;
			buildSettings = {
				ASSETCATALOG_COMPILER_APPICON_NAME = AppIcon;
				ASSETCATALOG_COMPILER_GLOBAL_ACCENT_COLOR_NAME = AccentColor;
				CODE_SIGN_ENTITLEMENTS = macOS/macOS.entitlements;
				CODE_SIGN_STYLE = Automatic;
				COMBINE_HIDPI_IMAGES = YES;
				DEVELOPMENT_TEAM = S7HY56XG6J;
				ENABLE_HARDENED_RUNTIME = YES;
				ENABLE_PREVIEWS = YES;
				INFOPLIST_FILE = macOS/Info.plist;
				LD_RUNPATH_SEARCH_PATHS = (
					"$(inherited)",
					"@executable_path/../Frameworks",
				);
				MACOSX_DEPLOYMENT_TARGET = 10.16;
				PRODUCT_BUNDLE_IDENTIFIER = "Lucas-Abijmil.SwiftUI-2-0";
				PRODUCT_NAME = "SwiftUI 2.0";
				SDKROOT = macosx;
				SWIFT_VERSION = 5.0;
			};
			name = Debug;
		};
		8DDA5C5124A31A5800BF263B /* Release */ = {
			isa = XCBuildConfiguration;
			buildSettings = {
				ASSETCATALOG_COMPILER_APPICON_NAME = AppIcon;
				ASSETCATALOG_COMPILER_GLOBAL_ACCENT_COLOR_NAME = AccentColor;
				CODE_SIGN_ENTITLEMENTS = macOS/macOS.entitlements;
				CODE_SIGN_STYLE = Automatic;
				COMBINE_HIDPI_IMAGES = YES;
				DEVELOPMENT_TEAM = S7HY56XG6J;
				ENABLE_HARDENED_RUNTIME = YES;
				ENABLE_PREVIEWS = YES;
				INFOPLIST_FILE = macOS/Info.plist;
				LD_RUNPATH_SEARCH_PATHS = (
					"$(inherited)",
					"@executable_path/../Frameworks",
				);
				MACOSX_DEPLOYMENT_TARGET = 10.16;
				PRODUCT_BUNDLE_IDENTIFIER = "Lucas-Abijmil.SwiftUI-2-0";
				PRODUCT_NAME = "SwiftUI 2.0";
				SDKROOT = macosx;
				SWIFT_VERSION = 5.0;
			};
			name = Release;
		};
		8DDA5C5324A31A5800BF263B /* Debug */ = {
			isa = XCBuildConfiguration;
			buildSettings = {
				ALWAYS_EMBED_SWIFT_STANDARD_LIBRARIES = YES;
				CODE_SIGN_STYLE = Automatic;
				DEVELOPMENT_TEAM = S7HY56XG6J;
				INFOPLIST_FILE = "Tests iOS/Info.plist";
				IPHONEOS_DEPLOYMENT_TARGET = 14.0;
				LD_RUNPATH_SEARCH_PATHS = (
					"$(inherited)",
					"@executable_path/Frameworks",
					"@loader_path/Frameworks",
				);
				PRODUCT_BUNDLE_IDENTIFIER = "Lucas-Abijmil.Tests-iOS";
				PRODUCT_NAME = "$(TARGET_NAME)";
				SDKROOT = iphoneos;
				SWIFT_VERSION = 5.0;
				TARGETED_DEVICE_FAMILY = "1,2";
				TEST_TARGET_NAME = iOS;
			};
			name = Debug;
		};
		8DDA5C5424A31A5800BF263B /* Release */ = {
			isa = XCBuildConfiguration;
			buildSettings = {
				ALWAYS_EMBED_SWIFT_STANDARD_LIBRARIES = YES;
				CODE_SIGN_STYLE = Automatic;
				DEVELOPMENT_TEAM = S7HY56XG6J;
				INFOPLIST_FILE = "Tests iOS/Info.plist";
				IPHONEOS_DEPLOYMENT_TARGET = 14.0;
				LD_RUNPATH_SEARCH_PATHS = (
					"$(inherited)",
					"@executable_path/Frameworks",
					"@loader_path/Frameworks",
				);
				PRODUCT_BUNDLE_IDENTIFIER = "Lucas-Abijmil.Tests-iOS";
				PRODUCT_NAME = "$(TARGET_NAME)";
				SDKROOT = iphoneos;
				SWIFT_VERSION = 5.0;
				TARGETED_DEVICE_FAMILY = "1,2";
				TEST_TARGET_NAME = iOS;
				VALIDATE_PRODUCT = YES;
			};
			name = Release;
		};
		8DDA5C5624A31A5800BF263B /* Debug */ = {
			isa = XCBuildConfiguration;
			buildSettings = {
				ALWAYS_EMBED_SWIFT_STANDARD_LIBRARIES = YES;
				CODE_SIGN_STYLE = Automatic;
				COMBINE_HIDPI_IMAGES = YES;
				DEVELOPMENT_TEAM = S7HY56XG6J;
				INFOPLIST_FILE = "Tests macOS/Info.plist";
				LD_RUNPATH_SEARCH_PATHS = (
					"$(inherited)",
					"@executable_path/../Frameworks",
					"@loader_path/../Frameworks",
				);
				MACOSX_DEPLOYMENT_TARGET = 10.15;
				PRODUCT_BUNDLE_IDENTIFIER = "Lucas-Abijmil.Tests-macOS";
				PRODUCT_NAME = "$(TARGET_NAME)";
				SDKROOT = macosx;
				SWIFT_VERSION = 5.0;
				TEST_TARGET_NAME = macOS;
			};
			name = Debug;
		};
		8DDA5C5724A31A5800BF263B /* Release */ = {
			isa = XCBuildConfiguration;
			buildSettings = {
				ALWAYS_EMBED_SWIFT_STANDARD_LIBRARIES = YES;
				CODE_SIGN_STYLE = Automatic;
				COMBINE_HIDPI_IMAGES = YES;
				DEVELOPMENT_TEAM = S7HY56XG6J;
				INFOPLIST_FILE = "Tests macOS/Info.plist";
				LD_RUNPATH_SEARCH_PATHS = (
					"$(inherited)",
					"@executable_path/../Frameworks",
					"@loader_path/../Frameworks",
				);
				MACOSX_DEPLOYMENT_TARGET = 10.15;
				PRODUCT_BUNDLE_IDENTIFIER = "Lucas-Abijmil.Tests-macOS";
				PRODUCT_NAME = "$(TARGET_NAME)";
				SDKROOT = macosx;
				SWIFT_VERSION = 5.0;
				TEST_TARGET_NAME = macOS;
			};
			name = Release;
		};
		8DF93ECB24A78E9300B84CD0 /* Debug */ = {
			isa = XCBuildConfiguration;
			buildSettings = {
				ASSETCATALOG_COMPILER_COMPLICATION_NAME = Complication;
				CODE_SIGN_STYLE = Automatic;
				DEVELOPMENT_ASSET_PATHS = "\"SwiftUI 2.0 watchOS Extension/Preview Content\"";
				DEVELOPMENT_TEAM = P2HRGX54G3;
				ENABLE_PREVIEWS = YES;
				INFOPLIST_FILE = "SwiftUI 2.0 watchOS Extension/Info.plist";
				LD_RUNPATH_SEARCH_PATHS = (
					"$(inherited)",
					"@executable_path/Frameworks",
					"@executable_path/../../Frameworks",
				);
				PRODUCT_BUNDLE_IDENTIFIER = "Lucas-Abijmil.SwiftUI-2-0.watchkitapp.watchkitextension";
				PRODUCT_NAME = "${TARGET_NAME}";
				SDKROOT = watchos;
				SKIP_INSTALL = YES;
				SWIFT_VERSION = 5.0;
				TARGETED_DEVICE_FAMILY = 4;
				WATCHOS_DEPLOYMENT_TARGET = 7.0;
			};
			name = Debug;
		};
		8DF93ECC24A78E9300B84CD0 /* Release */ = {
			isa = XCBuildConfiguration;
			buildSettings = {
				ASSETCATALOG_COMPILER_COMPLICATION_NAME = Complication;
				CODE_SIGN_STYLE = Automatic;
				DEVELOPMENT_ASSET_PATHS = "\"SwiftUI 2.0 watchOS Extension/Preview Content\"";
				DEVELOPMENT_TEAM = P2HRGX54G3;
				ENABLE_PREVIEWS = YES;
				INFOPLIST_FILE = "SwiftUI 2.0 watchOS Extension/Info.plist";
				LD_RUNPATH_SEARCH_PATHS = (
					"$(inherited)",
					"@executable_path/Frameworks",
					"@executable_path/../../Frameworks",
				);
				PRODUCT_BUNDLE_IDENTIFIER = "Lucas-Abijmil.SwiftUI-2-0.watchkitapp.watchkitextension";
				PRODUCT_NAME = "${TARGET_NAME}";
				SDKROOT = watchos;
				SKIP_INSTALL = YES;
				SWIFT_VERSION = 5.0;
				TARGETED_DEVICE_FAMILY = 4;
				VALIDATE_PRODUCT = YES;
				WATCHOS_DEPLOYMENT_TARGET = 7.0;
			};
			name = Release;
		};
		8DF93ECF24A78E9300B84CD0 /* Debug */ = {
			isa = XCBuildConfiguration;
			buildSettings = {
				ALWAYS_EMBED_SWIFT_STANDARD_LIBRARIES = YES;
				ASSETCATALOG_COMPILER_APPICON_NAME = AppIcon;
				ASSETCATALOG_COMPILER_GLOBAL_ACCENT_COLOR_NAME = AccentColor;
				CODE_SIGN_STYLE = Automatic;
				DEVELOPMENT_TEAM = S7HY56XG6J;
				IBSC_MODULE = SwiftUI_2_0_watchOS_Extension;
				INFOPLIST_FILE = "SwiftUI 2.0 watchOS/Info.plist";
				PRODUCT_BUNDLE_IDENTIFIER = "Lucas-Abijmil.SwiftUI-2-0.watchkitapp";
				PRODUCT_NAME = "$(TARGET_NAME)";
				SDKROOT = watchos;
				SKIP_INSTALL = YES;
				SWIFT_VERSION = 5.0;
				TARGETED_DEVICE_FAMILY = 4;
				WATCHOS_DEPLOYMENT_TARGET = 7.0;
			};
			name = Debug;
		};
		8DF93ED024A78E9300B84CD0 /* Release */ = {
			isa = XCBuildConfiguration;
			buildSettings = {
				ALWAYS_EMBED_SWIFT_STANDARD_LIBRARIES = YES;
				ASSETCATALOG_COMPILER_APPICON_NAME = AppIcon;
				ASSETCATALOG_COMPILER_GLOBAL_ACCENT_COLOR_NAME = AccentColor;
				CODE_SIGN_STYLE = Automatic;
				DEVELOPMENT_TEAM = S7HY56XG6J;
				IBSC_MODULE = SwiftUI_2_0_watchOS_Extension;
				INFOPLIST_FILE = "SwiftUI 2.0 watchOS/Info.plist";
				PRODUCT_BUNDLE_IDENTIFIER = "Lucas-Abijmil.SwiftUI-2-0.watchkitapp";
				PRODUCT_NAME = "$(TARGET_NAME)";
				SDKROOT = watchos;
				SKIP_INSTALL = YES;
				SWIFT_VERSION = 5.0;
				TARGETED_DEVICE_FAMILY = 4;
				VALIDATE_PRODUCT = YES;
				WATCHOS_DEPLOYMENT_TARGET = 7.0;
			};
			name = Release;
		};
/* End XCBuildConfiguration section */

/* Begin XCConfigurationList section */
		8DDA5C1924A31A5600BF263B /* Build configuration list for PBXProject "SwiftUI 2.0" */ = {
			isa = XCConfigurationList;
			buildConfigurations = (
				8DDA5C4A24A31A5800BF263B /* Debug */,
				8DDA5C4B24A31A5800BF263B /* Release */,
			);
			defaultConfigurationIsVisible = 0;
			defaultConfigurationName = Release;
		};
		8DDA5C4C24A31A5800BF263B /* Build configuration list for PBXNativeTarget "iOS" */ = {
			isa = XCConfigurationList;
			buildConfigurations = (
				8DDA5C4D24A31A5800BF263B /* Debug */,
				8DDA5C4E24A31A5800BF263B /* Release */,
			);
			defaultConfigurationIsVisible = 0;
			defaultConfigurationName = Release;
		};
		8DDA5C4F24A31A5800BF263B /* Build configuration list for PBXNativeTarget "macOS" */ = {
			isa = XCConfigurationList;
			buildConfigurations = (
				8DDA5C5024A31A5800BF263B /* Debug */,
				8DDA5C5124A31A5800BF263B /* Release */,
			);
			defaultConfigurationIsVisible = 0;
			defaultConfigurationName = Release;
		};
		8DDA5C5224A31A5800BF263B /* Build configuration list for PBXNativeTarget "Tests iOS" */ = {
			isa = XCConfigurationList;
			buildConfigurations = (
				8DDA5C5324A31A5800BF263B /* Debug */,
				8DDA5C5424A31A5800BF263B /* Release */,
			);
			defaultConfigurationIsVisible = 0;
			defaultConfigurationName = Release;
		};
		8DDA5C5524A31A5800BF263B /* Build configuration list for PBXNativeTarget "Tests macOS" */ = {
			isa = XCConfigurationList;
			buildConfigurations = (
				8DDA5C5624A31A5800BF263B /* Debug */,
				8DDA5C5724A31A5800BF263B /* Release */,
			);
			defaultConfigurationIsVisible = 0;
			defaultConfigurationName = Release;
		};
		8DF93ECA24A78E9300B84CD0 /* Build configuration list for PBXNativeTarget "SwiftUI 2.0 watchOS Extension" */ = {
			isa = XCConfigurationList;
			buildConfigurations = (
				8DF93ECB24A78E9300B84CD0 /* Debug */,
				8DF93ECC24A78E9300B84CD0 /* Release */,
			);
			defaultConfigurationIsVisible = 0;
			defaultConfigurationName = Release;
		};
		8DF93ECE24A78E9300B84CD0 /* Build configuration list for PBXNativeTarget "SwiftUI 2.0 watchOS" */ = {
			isa = XCConfigurationList;
			buildConfigurations = (
				8DF93ECF24A78E9300B84CD0 /* Debug */,
				8DF93ED024A78E9300B84CD0 /* Release */,
			);
			defaultConfigurationIsVisible = 0;
			defaultConfigurationName = Release;
		};
/* End XCConfigurationList section */
	};
	rootObject = 8DDA5C1624A31A5600BF263B /* Project object */;
}
