// !$*UTF8*$!
{
	archiveVersion = 1;
	classes = {
	};
	objectVersion = 50;
	objects = {

/* Begin PBXBuildFile section */
		8D51323324A3EE48007B13A3 /* LabelModifier.swift in Sources */ = {isa = PBXBuildFile; fileRef = 8D51323224A3EE48007B13A3 /* LabelModifier.swift */; };
		8D51323424A3EE48007B13A3 /* LabelModifier.swift in Sources */ = {isa = PBXBuildFile; fileRef = 8D51323224A3EE48007B13A3 /* LabelModifier.swift */; };
		8D72C99D24A5296F00C98579 /* ProgressviewModifier.swift in Sources */ = {isa = PBXBuildFile; fileRef = 8D72C99C24A5296F00C98579 /* ProgressviewModifier.swift */; };
		8D72C99E24A5296F00C98579 /* ProgressviewModifier.swift in Sources */ = {isa = PBXBuildFile; fileRef = 8D72C99C24A5296F00C98579 /* ProgressviewModifier.swift */; };
		8DDA5C3724A31A5800BF263B /* Tests_iOS.swift in Sources */ = {isa = PBXBuildFile; fileRef = 8DDA5C3624A31A5800BF263B /* Tests_iOS.swift */; };
		8DDA5C4224A31A5800BF263B /* Tests_macOS.swift in Sources */ = {isa = PBXBuildFile; fileRef = 8DDA5C4124A31A5800BF263B /* Tests_macOS.swift */; };
		8DDA5C4424A31A5800BF263B /* SwiftUI_2_0App.swift in Sources */ = {isa = PBXBuildFile; fileRef = 8DDA5C1B24A31A5700BF263B /* SwiftUI_2_0App.swift */; };
		8DDA5C4524A31A5800BF263B /* SwiftUI_2_0App.swift in Sources */ = {isa = PBXBuildFile; fileRef = 8DDA5C1B24A31A5700BF263B /* SwiftUI_2_0App.swift */; };
		8DDA5C4624A31A5800BF263B /* SuperFontModifier.swift in Sources */ = {isa = PBXBuildFile; fileRef = 8DDA5C1C24A31A5700BF263B /* SuperFontModifier.swift */; };
		8DDA5C4724A31A5800BF263B /* SuperFontModifier.swift in Sources */ = {isa = PBXBuildFile; fileRef = 8DDA5C1C24A31A5700BF263B /* SuperFontModifier.swift */; };
		8DDA5C4824A31A5800BF263B /* Assets.xcassets in Resources */ = {isa = PBXBuildFile; fileRef = 8DDA5C1D24A31A5800BF263B /* Assets.xcassets */; };
		8DDA5C4924A31A5800BF263B /* Assets.xcassets in Resources */ = {isa = PBXBuildFile; fileRef = 8DDA5C1D24A31A5800BF263B /* Assets.xcassets */; };
		8DDA5C5C24A3217D00BF263B /* LabelView.swift in Sources */ = {isa = PBXBuildFile; fileRef = 8DDA5C5B24A3217D00BF263B /* LabelView.swift */; };
		8DDA5C5D24A3217D00BF263B /* LabelView.swift in Sources */ = {isa = PBXBuildFile; fileRef = 8DDA5C5B24A3217D00BF263B /* LabelView.swift */; };
		8DDA5C5F24A3249300BF263B /* HelpModifier.swift in Sources */ = {isa = PBXBuildFile; fileRef = 8DDA5C5E24A3249300BF263B /* HelpModifier.swift */; };
		8DDA5C6024A3249300BF263B /* HelpModifier.swift in Sources */ = {isa = PBXBuildFile; fileRef = 8DDA5C5E24A3249300BF263B /* HelpModifier.swift */; };
		8DDA5C6224A3369B00BF263B /* KeyboardShortcutModifier.swift in Sources */ = {isa = PBXBuildFile; fileRef = 8DDA5C6124A3369B00BF263B /* KeyboardShortcutModifier.swift */; };
		8DDA5C6324A3369B00BF263B /* KeyboardShortcutModifier.swift in Sources */ = {isa = PBXBuildFile; fileRef = 8DDA5C6124A3369B00BF263B /* KeyboardShortcutModifier.swift */; };
		8DDA5C6524A3388A00BF263B /* ProgressViews.swift in Sources */ = {isa = PBXBuildFile; fileRef = 8DDA5C6424A3388A00BF263B /* ProgressViews.swift */; };
		8DDA5C6624A3388A00BF263B /* ProgressViews.swift in Sources */ = {isa = PBXBuildFile; fileRef = 8DDA5C6424A3388A00BF263B /* ProgressViews.swift */; };
		8DEBD13024A3E6AA004AAE41 /* ToolBarModifier.swift in Sources */ = {isa = PBXBuildFile; fileRef = 8DEBD12F24A3E6AA004AAE41 /* ToolBarModifier.swift */; };
		8DEBD13124A3E6AA004AAE41 /* ToolBarModifier.swift in Sources */ = {isa = PBXBuildFile; fileRef = 8DEBD12F24A3E6AA004AAE41 /* ToolBarModifier.swift */; };
/* End PBXBuildFile section */

/* Begin PBXContainerItemProxy section */
		8DDA5C3324A31A5800BF263B /* PBXContainerItemProxy */ = {
			isa = PBXContainerItemProxy;
			containerPortal = 8DDA5C1624A31A5600BF263B /* Project object */;
			proxyType = 1;
			remoteGlobalIDString = 8DDA5C2124A31A5800BF263B;
			remoteInfo = iOS;
		};
		8DDA5C3E24A31A5800BF263B /* PBXContainerItemProxy */ = {
			isa = PBXContainerItemProxy;
			containerPortal = 8DDA5C1624A31A5600BF263B /* Project object */;
			proxyType = 1;
			remoteGlobalIDString = 8DDA5C2924A31A5800BF263B;
			remoteInfo = macOS;
		};
/* End PBXContainerItemProxy section */

/* Begin PBXFileReference section */
		8D51323224A3EE48007B13A3 /* LabelModifier.swift */ = {isa = PBXFileReference; lastKnownFileType = sourcecode.swift; path = LabelModifier.swift; sourceTree = "<group>"; };
		8D72C99C24A5296F00C98579 /* ProgressviewModifier.swift */ = {isa = PBXFileReference; lastKnownFileType = sourcecode.swift; path = ProgressviewModifier.swift; sourceTree = "<group>"; };
		8DDA5C1B24A31A5700BF263B /* SwiftUI_2_0App.swift */ = {isa = PBXFileReference; lastKnownFileType = sourcecode.swift; path = SwiftUI_2_0App.swift; sourceTree = "<group>"; };
		8DDA5C1C24A31A5700BF263B /* SuperFontModifier.swift */ = {isa = PBXFileReference; lastKnownFileType = sourcecode.swift; path = SuperFontModifier.swift; sourceTree = "<group>"; };
		8DDA5C1D24A31A5800BF263B /* Assets.xcassets */ = {isa = PBXFileReference; lastKnownFileType = folder.assetcatalog; path = Assets.xcassets; sourceTree = "<group>"; };
		8DDA5C2224A31A5800BF263B /* SwiftUI 2.0.app */ = {isa = PBXFileReference; explicitFileType = wrapper.application; includeInIndex = 0; path = "SwiftUI 2.0.app"; sourceTree = BUILT_PRODUCTS_DIR; };
		8DDA5C2524A31A5800BF263B /* Info.plist */ = {isa = PBXFileReference; lastKnownFileType = text.plist.xml; path = Info.plist; sourceTree = "<group>"; };
		8DDA5C2A24A31A5800BF263B /* SwiftUI 2.0.app */ = {isa = PBXFileReference; explicitFileType = wrapper.application; includeInIndex = 0; path = "SwiftUI 2.0.app"; sourceTree = BUILT_PRODUCTS_DIR; };
		8DDA5C2C24A31A5800BF263B /* Info.plist */ = {isa = PBXFileReference; lastKnownFileType = text.plist.xml; path = Info.plist; sourceTree = "<group>"; };
		8DDA5C2D24A31A5800BF263B /* macOS.entitlements */ = {isa = PBXFileReference; lastKnownFileType = text.plist.entitlements; path = macOS.entitlements; sourceTree = "<group>"; };
		8DDA5C3224A31A5800BF263B /* Tests iOS.xctest */ = {isa = PBXFileReference; explicitFileType = wrapper.cfbundle; includeInIndex = 0; path = "Tests iOS.xctest"; sourceTree = BUILT_PRODUCTS_DIR; };
		8DDA5C3624A31A5800BF263B /* Tests_iOS.swift */ = {isa = PBXFileReference; lastKnownFileType = sourcecode.swift; path = Tests_iOS.swift; sourceTree = "<group>"; };
		8DDA5C3824A31A5800BF263B /* Info.plist */ = {isa = PBXFileReference; lastKnownFileType = text.plist.xml; path = Info.plist; sourceTree = "<group>"; };
		8DDA5C3D24A31A5800BF263B /* Tests macOS.xctest */ = {isa = PBXFileReference; explicitFileType = wrapper.cfbundle; includeInIndex = 0; path = "Tests macOS.xctest"; sourceTree = BUILT_PRODUCTS_DIR; };
		8DDA5C4124A31A5800BF263B /* Tests_macOS.swift */ = {isa = PBXFileReference; lastKnownFileType = sourcecode.swift; path = Tests_macOS.swift; sourceTree = "<group>"; };
		8DDA5C4324A31A5800BF263B /* Info.plist */ = {isa = PBXFileReference; lastKnownFileType = text.plist.xml; path = Info.plist; sourceTree = "<group>"; };
		8DDA5C5B24A3217D00BF263B /* LabelView.swift */ = {isa = PBXFileReference; lastKnownFileType = sourcecode.swift; path = LabelView.swift; sourceTree = "<group>"; };
		8DDA5C5E24A3249300BF263B /* HelpModifier.swift */ = {isa = PBXFileReference; lastKnownFileType = sourcecode.swift; path = HelpModifier.swift; sourceTree = "<group>"; };
		8DDA5C6124A3369B00BF263B /* KeyboardShortcutModifier.swift */ = {isa = PBXFileReference; lastKnownFileType = sourcecode.swift; path = KeyboardShortcutModifier.swift; sourceTree = "<group>"; };
		8DDA5C6424A3388A00BF263B /* ProgressViews.swift */ = {isa = PBXFileReference; lastKnownFileType = sourcecode.swift; path = ProgressViews.swift; sourceTree = "<group>"; };
		8DEBD12F24A3E6AA004AAE41 /* ToolBarModifier.swift */ = {isa = PBXFileReference; lastKnownFileType = sourcecode.swift; path = ToolBarModifier.swift; sourceTree = "<group>"; };
/* End PBXFileReference section */

/* Begin PBXFrameworksBuildPhase section */
		8DDA5C1F24A31A5800BF263B /* Frameworks */ = {
			isa = PBXFrameworksBuildPhase;
			buildActionMask = 2147483647;
			files = (
			);
			runOnlyForDeploymentPostprocessing = 0;
		};
		8DDA5C2724A31A5800BF263B /* Frameworks */ = {
			isa = PBXFrameworksBuildPhase;
			buildActionMask = 2147483647;
			files = (
			);
			runOnlyForDeploymentPostprocessing = 0;
		};
		8DDA5C2F24A31A5800BF263B /* Frameworks */ = {
			isa = PBXFrameworksBuildPhase;
			buildActionMask = 2147483647;
			files = (
			);
			runOnlyForDeploymentPostprocessing = 0;
		};
		8DDA5C3A24A31A5800BF263B /* Frameworks */ = {
			isa = PBXFrameworksBuildPhase;
			buildActionMask = 2147483647;
			files = (
			);
			runOnlyForDeploymentPostprocessing = 0;
		};
/* End PBXFrameworksBuildPhase section */

/* Begin PBXGroup section */
		8DDA5C1524A31A5600BF263B = {
			isa = PBXGroup;
			children = (
				8DDA5C1A24A31A5700BF263B /* Shared */,
				8DDA5C2424A31A5800BF263B /* iOS */,
				8DDA5C2B24A31A5800BF263B /* macOS */,
				8DDA5C3524A31A5800BF263B /* Tests iOS */,
				8DDA5C4024A31A5800BF263B /* Tests macOS */,
				8DDA5C2324A31A5800BF263B /* Products */,
			);
			sourceTree = "<group>";
		};
		8DDA5C1A24A31A5700BF263B /* Shared */ = {
			isa = PBXGroup;
			children = (
				8DDA5C1B24A31A5700BF263B /* SwiftUI_2_0App.swift */,
				8DEBD12E24A3E643004AAE41 /* Views */,
				8DEBD12D24A3E63D004AAE41 /* Modifiers */,
				8DDA5C1D24A31A5800BF263B /* Assets.xcassets */,
			);
			path = Shared;
			sourceTree = "<group>";
		};
		8DDA5C2324A31A5800BF263B /* Products */ = {
			isa = PBXGroup;
			children = (
				8DDA5C2224A31A5800BF263B /* SwiftUI 2.0.app */,
				8DDA5C2A24A31A5800BF263B /* SwiftUI 2.0.app */,
				8DDA5C3224A31A5800BF263B /* Tests iOS.xctest */,
				8DDA5C3D24A31A5800BF263B /* Tests macOS.xctest */,
			);
			name = Products;
			sourceTree = "<group>";
		};
		8DDA5C2424A31A5800BF263B /* iOS */ = {
			isa = PBXGroup;
			children = (
				8DDA5C2524A31A5800BF263B /* Info.plist */,
			);
			path = iOS;
			sourceTree = "<group>";
		};
		8DDA5C2B24A31A5800BF263B /* macOS */ = {
			isa = PBXGroup;
			children = (
				8DDA5C2C24A31A5800BF263B /* Info.plist */,
				8DDA5C2D24A31A5800BF263B /* macOS.entitlements */,
			);
			path = macOS;
			sourceTree = "<group>";
		};
		8DDA5C3524A31A5800BF263B /* Tests iOS */ = {
			isa = PBXGroup;
			children = (
				8DDA5C3624A31A5800BF263B /* Tests_iOS.swift */,
				8DDA5C3824A31A5800BF263B /* Info.plist */,
			);
			path = "Tests iOS";
			sourceTree = "<group>";
		};
		8DDA5C4024A31A5800BF263B /* Tests macOS */ = {
			isa = PBXGroup;
			children = (
				8DDA5C4124A31A5800BF263B /* Tests_macOS.swift */,
				8DDA5C4324A31A5800BF263B /* Info.plist */,
			);
			path = "Tests macOS";
			sourceTree = "<group>";
		};
		8DEBD12D24A3E63D004AAE41 /* Modifiers */ = {
			isa = PBXGroup;
			children = (
				8DDA5C5E24A3249300BF263B /* HelpModifier.swift */,
				8DDA5C6124A3369B00BF263B /* KeyboardShortcutModifier.swift */,
				8D51323224A3EE48007B13A3 /* LabelModifier.swift */,
				8D72C99C24A5296F00C98579 /* ProgressviewModifier.swift */,
				8DDA5C1C24A31A5700BF263B /* SuperFontModifier.swift */,
				8DEBD12F24A3E6AA004AAE41 /* ToolBarModifier.swift */,
			);
			path = Modifiers;
			sourceTree = "<group>";
		};
		8DEBD12E24A3E643004AAE41 /* Views */ = {
			isa = PBXGroup;
			children = (
				8DDA5C5B24A3217D00BF263B /* LabelView.swift */,
				8DDA5C6424A3388A00BF263B /* ProgressViews.swift */,
			);
			path = Views;
			sourceTree = "<group>";
		};
/* End PBXGroup section */

/* Begin PBXNativeTarget section */
		8DDA5C2124A31A5800BF263B /* iOS */ = {
			isa = PBXNativeTarget;
			buildConfigurationList = 8DDA5C4C24A31A5800BF263B /* Build configuration list for PBXNativeTarget "iOS" */;
			buildPhases = (
				8DDA5C1E24A31A5800BF263B /* Sources */,
				8DDA5C1F24A31A5800BF263B /* Frameworks */,
				8DDA5C2024A31A5800BF263B /* Resources */,
			);
			buildRules = (
			);
			dependencies = (
			);
			name = iOS;
			productName = iOS;
			productReference = 8DDA5C2224A31A5800BF263B /* SwiftUI 2.0.app */;
			productType = "com.apple.product-type.application";
		};
		8DDA5C2924A31A5800BF263B /* macOS */ = {
			isa = PBXNativeTarget;
			buildConfigurationList = 8DDA5C4F24A31A5800BF263B /* Build configuration list for PBXNativeTarget "macOS" */;
			buildPhases = (
				8DDA5C2624A31A5800BF263B /* Sources */,
				8DDA5C2724A31A5800BF263B /* Frameworks */,
				8DDA5C2824A31A5800BF263B /* Resources */,
			);
			buildRules = (
			);
			dependencies = (
			);
			name = macOS;
			productName = macOS;
			productReference = 8DDA5C2A24A31A5800BF263B /* SwiftUI 2.0.app */;
			productType = "com.apple.product-type.application";
		};
		8DDA5C3124A31A5800BF263B /* Tests iOS */ = {
			isa = PBXNativeTarget;
			buildConfigurationList = 8DDA5C5224A31A5800BF263B /* Build configuration list for PBXNativeTarget "Tests iOS" */;
			buildPhases = (
				8DDA5C2E24A31A5800BF263B /* Sources */,
				8DDA5C2F24A31A5800BF263B /* Frameworks */,
				8DDA5C3024A31A5800BF263B /* Resources */,
			);
			buildRules = (
			);
			dependencies = (
				8DDA5C3424A31A5800BF263B /* PBXTargetDependency */,
			);
			name = "Tests iOS";
			productName = "Tests iOS";
			productReference = 8DDA5C3224A31A5800BF263B /* Tests iOS.xctest */;
			productType = "com.apple.product-type.bundle.ui-testing";
		};
		8DDA5C3C24A31A5800BF263B /* Tests macOS */ = {
			isa = PBXNativeTarget;
			buildConfigurationList = 8DDA5C5524A31A5800BF263B /* Build configuration list for PBXNativeTarget "Tests macOS" */;
			buildPhases = (
				8DDA5C3924A31A5800BF263B /* Sources */,
				8DDA5C3A24A31A5800BF263B /* Frameworks */,
				8DDA5C3B24A31A5800BF263B /* Resources */,
			);
			buildRules = (
			);
			dependencies = (
				8DDA5C3F24A31A5800BF263B /* PBXTargetDependency */,
			);
			name = "Tests macOS";
			productName = "Tests macOS";
			productReference = 8DDA5C3D24A31A5800BF263B /* Tests macOS.xctest */;
			productType = "com.apple.product-type.bundle.ui-testing";
		};
/* End PBXNativeTarget section */

/* Begin PBXProject section */
		8DDA5C1624A31A5600BF263B /* Project object */ = {
			isa = PBXProject;
			attributes = {
				LastSwiftUpdateCheck = 1200;
				LastUpgradeCheck = 1200;
				TargetAttributes = {
					8DDA5C2124A31A5800BF263B = {
						CreatedOnToolsVersion = 12.0;
					};
					8DDA5C2924A31A5800BF263B = {
						CreatedOnToolsVersion = 12.0;
					};
					8DDA5C3124A31A5800BF263B = {
						CreatedOnToolsVersion = 12.0;
						TestTargetID = 8DDA5C2124A31A5800BF263B;
					};
					8DDA5C3C24A31A5800BF263B = {
						CreatedOnToolsVersion = 12.0;
						TestTargetID = 8DDA5C2924A31A5800BF263B;
					};
				};
			};
			buildConfigurationList = 8DDA5C1924A31A5600BF263B /* Build configuration list for PBXProject "SwiftUI 2.0" */;
			compatibilityVersion = "Xcode 9.3";
			developmentRegion = en;
			hasScannedForEncodings = 0;
			knownRegions = (
				en,
				Base,
			);
			mainGroup = 8DDA5C1524A31A5600BF263B;
			productRefGroup = 8DDA5C2324A31A5800BF263B /* Products */;
			projectDirPath = "";
			projectRoot = "";
			targets = (
				8DDA5C2124A31A5800BF263B /* iOS */,
				8DDA5C2924A31A5800BF263B /* macOS */,
				8DDA5C3124A31A5800BF263B /* Tests iOS */,
				8DDA5C3C24A31A5800BF263B /* Tests macOS */,
			);
		};
/* End PBXProject section */

/* Begin PBXResourcesBuildPhase section */
		8DDA5C2024A31A5800BF263B /* Resources */ = {
			isa = PBXResourcesBuildPhase;
			buildActionMask = 2147483647;
			files = (
				8DDA5C4824A31A5800BF263B /* Assets.xcassets in Resources */,
			);
			runOnlyForDeploymentPostprocessing = 0;
		};
		8DDA5C2824A31A5800BF263B /* Resources */ = {
			isa = PBXResourcesBuildPhase;
			buildActionMask = 2147483647;
			files = (
				8DDA5C4924A31A5800BF263B /* Assets.xcassets in Resources */,
			);
			runOnlyForDeploymentPostprocessing = 0;
		};
		8DDA5C3024A31A5800BF263B /* Resources */ = {
			isa = PBXResourcesBuildPhase;
			buildActionMask = 2147483647;
			files = (
			);
			runOnlyForDeploymentPostprocessing = 0;
		};
		8DDA5C3B24A31A5800BF263B /* Resources */ = {
			isa = PBXResourcesBuildPhase;
			buildActionMask = 2147483647;
			files = (
			);
			runOnlyForDeploymentPostprocessing = 0;
		};
/* End PBXResourcesBuildPhase section */

/* Begin PBXSourcesBuildPhase section */
		8DDA5C1E24A31A5800BF263B /* Sources */ = {
			isa = PBXSourcesBuildPhase;
			buildActionMask = 2147483647;
			files = (
				8DDA5C4624A31A5800BF263B /* SuperFontModifier.swift in Sources */,
				8DEBD13024A3E6AA004AAE41 /* ToolBarModifier.swift in Sources */,
				8DDA5C4424A31A5800BF263B /* SwiftUI_2_0App.swift in Sources */,
				8DDA5C5C24A3217D00BF263B /* LabelView.swift in Sources */,
				8DDA5C6524A3388A00BF263B /* ProgressViews.swift in Sources */,
				8D51323324A3EE48007B13A3 /* LabelModifier.swift in Sources */,
				8D72C99D24A5296F00C98579 /* ProgressviewModifier.swift in Sources */,
				8DDA5C6224A3369B00BF263B /* KeyboardShortcutModifier.swift in Sources */,
				8DDA5C5F24A3249300BF263B /* HelpModifier.swift in Sources */,
			);
			runOnlyForDeploymentPostprocessing = 0;
		};
		8DDA5C2624A31A5800BF263B /* Sources */ = {
			isa = PBXSourcesBuildPhase;
			buildActionMask = 2147483647;
			files = (
				8DDA5C4724A31A5800BF263B /* SuperFontModifier.swift in Sources */,
				8DEBD13124A3E6AA004AAE41 /* ToolBarModifier.swift in Sources */,
				8DDA5C4524A31A5800BF263B /* SwiftUI_2_0App.swift in Sources */,
				8DDA5C5D24A3217D00BF263B /* LabelView.swift in Sources */,
				8DDA5C6624A3388A00BF263B /* ProgressViews.swift in Sources */,
				8D51323424A3EE48007B13A3 /* LabelModifier.swift in Sources */,
				8D72C99E24A5296F00C98579 /* ProgressviewModifier.swift in Sources */,
				8DDA5C6324A3369B00BF263B /* KeyboardShortcutModifier.swift in Sources */,
				8DDA5C6024A3249300BF263B /* HelpModifier.swift in Sources */,
			);
			runOnlyForDeploymentPostprocessing = 0;
		};
		8DDA5C2E24A31A5800BF263B /* Sources */ = {
			isa = PBXSourcesBuildPhase;
			buildActionMask = 2147483647;
			files = (
				8DDA5C3724A31A5800BF263B /* Tests_iOS.swift in Sources */,
			);
			runOnlyForDeploymentPostprocessing = 0;
		};
		8DDA5C3924A31A5800BF263B /* Sources */ = {
			isa = PBXSourcesBuildPhase;
			buildActionMask = 2147483647;
			files = (
				8DDA5C4224A31A5800BF263B /* Tests_macOS.swift in Sources */,
			);
			runOnlyForDeploymentPostprocessing = 0;
		};
/* End PBXSourcesBuildPhase section */

/* Begin PBXTargetDependency section */
		8DDA5C3424A31A5800BF263B /* PBXTargetDependency */ = {
			isa = PBXTargetDependency;
			target = 8DDA5C2124A31A5800BF263B /* iOS */;
			targetProxy = 8DDA5C3324A31A5800BF263B /* PBXContainerItemProxy */;
		};
		8DDA5C3F24A31A5800BF263B /* PBXTargetDependency */ = {
			isa = PBXTargetDependency;
			target = 8DDA5C2924A31A5800BF263B /* macOS */;
			targetProxy = 8DDA5C3E24A31A5800BF263B /* PBXContainerItemProxy */;
		};
/* End PBXTargetDependency section */

/* Begin XCBuildConfiguration section */
		8DDA5C4A24A31A5800BF263B /* Debug */ = {
			isa = XCBuildConfiguration;
			buildSettings = {
				ALWAYS_SEARCH_USER_PATHS = NO;
				CLANG_ANALYZER_NONNULL = YES;
				CLANG_ANALYZER_NUMBER_OBJECT_CONVERSION = YES_AGGRESSIVE;
				CLANG_CXX_LANGUAGE_STANDARD = "gnu++14";
				CLANG_CXX_LIBRARY = "libc++";
				CLANG_ENABLE_MODULES = YES;
				CLANG_ENABLE_OBJC_ARC = YES;
				CLANG_ENABLE_OBJC_WEAK = YES;
				CLANG_WARN_BLOCK_CAPTURE_AUTORELEASING = YES;
				CLANG_WARN_BOOL_CONVERSION = YES;
				CLANG_WARN_COMMA = YES;
				CLANG_WARN_CONSTANT_CONVERSION = YES;
				CLANG_WARN_DEPRECATED_OBJC_IMPLEMENTATIONS = YES;
				CLANG_WARN_DIRECT_OBJC_ISA_USAGE = YES_ERROR;
				CLANG_WARN_DOCUMENTATION_COMMENTS = YES;
				CLANG_WARN_EMPTY_BODY = YES;
				CLANG_WARN_ENUM_CONVERSION = YES;
				CLANG_WARN_INFINITE_RECURSION = YES;
				CLANG_WARN_INT_CONVERSION = YES;
				CLANG_WARN_NON_LITERAL_NULL_CONVERSION = YES;
				CLANG_WARN_OBJC_IMPLICIT_RETAIN_SELF = YES;
				CLANG_WARN_OBJC_LITERAL_CONVERSION = YES;
				CLANG_WARN_OBJC_ROOT_CLASS = YES_ERROR;
				CLANG_WARN_QUOTED_INCLUDE_IN_FRAMEWORK_HEADER = YES;
				CLANG_WARN_RANGE_LOOP_ANALYSIS = YES;
				CLANG_WARN_STRICT_PROTOTYPES = YES;
				CLANG_WARN_SUSPICIOUS_MOVE = YES;
				CLANG_WARN_UNGUARDED_AVAILABILITY = YES_AGGRESSIVE;
				CLANG_WARN_UNREACHABLE_CODE = YES;
				CLANG_WARN__DUPLICATE_METHOD_MATCH = YES;
				COPY_PHASE_STRIP = NO;
				DEBUG_INFORMATION_FORMAT = dwarf;
				ENABLE_STRICT_OBJC_MSGSEND = YES;
				ENABLE_TESTABILITY = YES;
				GCC_C_LANGUAGE_STANDARD = gnu11;
				GCC_DYNAMIC_NO_PIC = NO;
				GCC_NO_COMMON_BLOCKS = YES;
				GCC_OPTIMIZATION_LEVEL = 0;
				GCC_PREPROCESSOR_DEFINITIONS = (
					"DEBUG=1",
					"$(inherited)",
				);
				GCC_WARN_64_TO_32_BIT_CONVERSION = YES;
				GCC_WARN_ABOUT_RETURN_TYPE = YES_ERROR;
				GCC_WARN_UNDECLARED_SELECTOR = YES;
				GCC_WARN_UNINITIALIZED_AUTOS = YES_AGGRESSIVE;
				GCC_WARN_UNUSED_FUNCTION = YES;
				GCC_WARN_UNUSED_VARIABLE = YES;
				MTL_ENABLE_DEBUG_INFO = INCLUDE_SOURCE;
				MTL_FAST_MATH = YES;
				ONLY_ACTIVE_ARCH = YES;
				SWIFT_ACTIVE_COMPILATION_CONDITIONS = DEBUG;
				SWIFT_OPTIMIZATION_LEVEL = "-Onone";
			};
			name = Debug;
		};
		8DDA5C4B24A31A5800BF263B /* Release */ = {
			isa = XCBuildConfiguration;
			buildSettings = {
				ALWAYS_SEARCH_USER_PATHS = NO;
				CLANG_ANALYZER_NONNULL = YES;
				CLANG_ANALYZER_NUMBER_OBJECT_CONVERSION = YES_AGGRESSIVE;
				CLANG_CXX_LANGUAGE_STANDARD = "gnu++14";
				CLANG_CXX_LIBRARY = "libc++";
				CLANG_ENABLE_MODULES = YES;
				CLANG_ENABLE_OBJC_ARC = YES;
				CLANG_ENABLE_OBJC_WEAK = YES;
				CLANG_WARN_BLOCK_CAPTURE_AUTORELEASING = YES;
				CLANG_WARN_BOOL_CONVERSION = YES;
				CLANG_WARN_COMMA = YES;
				CLANG_WARN_CONSTANT_CONVERSION = YES;
				CLANG_WARN_DEPRECATED_OBJC_IMPLEMENTATIONS = YES;
				CLANG_WARN_DIRECT_OBJC_ISA_USAGE = YES_ERROR;
				CLANG_WARN_DOCUMENTATION_COMMENTS = YES;
				CLANG_WARN_EMPTY_BODY = YES;
				CLANG_WARN_ENUM_CONVERSION = YES;
				CLANG_WARN_INFINITE_RECURSION = YES;
				CLANG_WARN_INT_CONVERSION = YES;
				CLANG_WARN_NON_LITERAL_NULL_CONVERSION = YES;
				CLANG_WARN_OBJC_IMPLICIT_RETAIN_SELF = YES;
				CLANG_WARN_OBJC_LITERAL_CONVERSION = YES;
				CLANG_WARN_OBJC_ROOT_CLASS = YES_ERROR;
				CLANG_WARN_QUOTED_INCLUDE_IN_FRAMEWORK_HEADER = YES;
				CLANG_WARN_RANGE_LOOP_ANALYSIS = YES;
				CLANG_WARN_STRICT_PROTOTYPES = YES;
				CLANG_WARN_SUSPICIOUS_MOVE = YES;
				CLANG_WARN_UNGUARDED_AVAILABILITY = YES_AGGRESSIVE;
				CLANG_WARN_UNREACHABLE_CODE = YES;
				CLANG_WARN__DUPLICATE_METHOD_MATCH = YES;
				COPY_PHASE_STRIP = NO;
				DEBUG_INFORMATION_FORMAT = "dwarf-with-dsym";
				ENABLE_NS_ASSERTIONS = NO;
				ENABLE_STRICT_OBJC_MSGSEND = YES;
				GCC_C_LANGUAGE_STANDARD = gnu11;
				GCC_NO_COMMON_BLOCKS = YES;
				GCC_WARN_64_TO_32_BIT_CONVERSION = YES;
				GCC_WARN_ABOUT_RETURN_TYPE = YES_ERROR;
				GCC_WARN_UNDECLARED_SELECTOR = YES;
				GCC_WARN_UNINITIALIZED_AUTOS = YES_AGGRESSIVE;
				GCC_WARN_UNUSED_FUNCTION = YES;
				GCC_WARN_UNUSED_VARIABLE = YES;
				MTL_ENABLE_DEBUG_INFO = NO;
				MTL_FAST_MATH = YES;
				SWIFT_COMPILATION_MODE = wholemodule;
				SWIFT_OPTIMIZATION_LEVEL = "-O";
			};
			name = Release;
		};
		8DDA5C4D24A31A5800BF263B /* Debug */ = {
			isa = XCBuildConfiguration;
			buildSettings = {
				ASSETCATALOG_COMPILER_APPICON_NAME = AppIcon;
				ASSETCATALOG_COMPILER_GLOBAL_ACCENT_COLOR_NAME = AccentColor;
				CODE_SIGN_STYLE = Automatic;
				DEVELOPMENT_TEAM = S7HY56XG6J;
				ENABLE_PREVIEWS = YES;
				INFOPLIST_FILE = iOS/Info.plist;
				IPHONEOS_DEPLOYMENT_TARGET = 14.0;
				LD_RUNPATH_SEARCH_PATHS = (
					"$(inherited)",
					"@executable_path/Frameworks",
				);
				PRODUCT_BUNDLE_IDENTIFIER = "Lucas-Abijmil.SwiftUI-2-0";
				PRODUCT_NAME = "SwiftUI 2.0";
				SDKROOT = iphoneos;
				SWIFT_VERSION = 5.0;
				TARGETED_DEVICE_FAMILY = "1,2";
			};
			name = Debug;
		};
		8DDA5C4E24A31A5800BF263B /* Release */ = {
			isa = XCBuildConfiguration;
			buildSettings = {
				ASSETCATALOG_COMPILER_APPICON_NAME = AppIcon;
				ASSETCATALOG_COMPILER_GLOBAL_ACCENT_COLOR_NAME = AccentColor;
				CODE_SIGN_STYLE = Automatic;
				DEVELOPMENT_TEAM = S7HY56XG6J;
				ENABLE_PREVIEWS = YES;
				INFOPLIST_FILE = iOS/Info.plist;
				IPHONEOS_DEPLOYMENT_TARGET = 14.0;
				LD_RUNPATH_SEARCH_PATHS = (
					"$(inherited)",
					"@executable_path/Frameworks",
				);
				PRODUCT_BUNDLE_IDENTIFIER = "Lucas-Abijmil.SwiftUI-2-0";
				PRODUCT_NAME = "SwiftUI 2.0";
				SDKROOT = iphoneos;
				SWIFT_VERSION = 5.0;
				TARGETED_DEVICE_FAMILY = "1,2";
				VALIDATE_PRODUCT = YES;
			};
			name = Release;
		};
		8DDA5C5024A31A5800BF263B /* Debug */ = {
			isa = XCBuildConfiguration;
			buildSettings = {
				ASSETCATALOG_COMPILER_APPICON_NAME = AppIcon;
				ASSETCATALOG_COMPILER_GLOBAL_ACCENT_COLOR_NAME = AccentColor;
				CODE_SIGN_ENTITLEMENTS = macOS/macOS.entitlements;
				CODE_SIGN_STYLE = Automatic;
				COMBINE_HIDPI_IMAGES = YES;
				DEVELOPMENT_TEAM = S7HY56XG6J;
				ENABLE_HARDENED_RUNTIME = YES;
				ENABLE_PREVIEWS = YES;
				INFOPLIST_FILE = macOS/Info.plist;
				LD_RUNPATH_SEARCH_PATHS = (
					"$(inherited)",
					"@executable_path/../Frameworks",
				);
				MACOSX_DEPLOYMENT_TARGET = 10.16;
				PRODUCT_BUNDLE_IDENTIFIER = "Lucas-Abijmil.SwiftUI-2-0";
				PRODUCT_NAME = "SwiftUI 2.0";
				SDKROOT = macosx;
				SWIFT_VERSION = 5.0;
			};
			name = Debug;
		};
		8DDA5C5124A31A5800BF263B /* Release */ = {
			isa = XCBuildConfiguration;
			buildSettings = {
				ASSETCATALOG_COMPILER_APPICON_NAME = AppIcon;
				ASSETCATALOG_COMPILER_GLOBAL_ACCENT_COLOR_NAME = AccentColor;
				CODE_SIGN_ENTITLEMENTS = macOS/macOS.entitlements;
				CODE_SIGN_STYLE = Automatic;
				COMBINE_HIDPI_IMAGES = YES;
				DEVELOPMENT_TEAM = S7HY56XG6J;
				ENABLE_HARDENED_RUNTIME = YES;
				ENABLE_PREVIEWS = YES;
				INFOPLIST_FILE = macOS/Info.plist;
				LD_RUNPATH_SEARCH_PATHS = (
					"$(inherited)",
					"@executable_path/../Frameworks",
				);
				MACOSX_DEPLOYMENT_TARGET = 10.16;
				PRODUCT_BUNDLE_IDENTIFIER = "Lucas-Abijmil.SwiftUI-2-0";
				PRODUCT_NAME = "SwiftUI 2.0";
				SDKROOT = macosx;
				SWIFT_VERSION = 5.0;
			};
			name = Release;
		};
		8DDA5C5324A31A5800BF263B /* Debug */ = {
			isa = XCBuildConfiguration;
			buildSettings = {
				ALWAYS_EMBED_SWIFT_STANDARD_LIBRARIES = YES;
				CODE_SIGN_STYLE = Automatic;
				DEVELOPMENT_TEAM = S7HY56XG6J;
				INFOPLIST_FILE = "Tests iOS/Info.plist";
				IPHONEOS_DEPLOYMENT_TARGET = 14.0;
				LD_RUNPATH_SEARCH_PATHS = (
					"$(inherited)",
					"@executable_path/Frameworks",
					"@loader_path/Frameworks",
				);
				PRODUCT_BUNDLE_IDENTIFIER = "Lucas-Abijmil.Tests-iOS";
				PRODUCT_NAME = "$(TARGET_NAME)";
				SDKROOT = iphoneos;
				SWIFT_VERSION = 5.0;
				TARGETED_DEVICE_FAMILY = "1,2";
				TEST_TARGET_NAME = iOS;
			};
			name = Debug;
		};
		8DDA5C5424A31A5800BF263B /* Release */ = {
			isa = XCBuildConfiguration;
			buildSettings = {
				ALWAYS_EMBED_SWIFT_STANDARD_LIBRARIES = YES;
				CODE_SIGN_STYLE = Automatic;
				DEVELOPMENT_TEAM = S7HY56XG6J;
				INFOPLIST_FILE = "Tests iOS/Info.plist";
				IPHONEOS_DEPLOYMENT_TARGET = 14.0;
				LD_RUNPATH_SEARCH_PATHS = (
					"$(inherited)",
					"@executable_path/Frameworks",
					"@loader_path/Frameworks",
				);
				PRODUCT_BUNDLE_IDENTIFIER = "Lucas-Abijmil.Tests-iOS";
				PRODUCT_NAME = "$(TARGET_NAME)";
				SDKROOT = iphoneos;
				SWIFT_VERSION = 5.0;
				TARGETED_DEVICE_FAMILY = "1,2";
				TEST_TARGET_NAME = iOS;
				VALIDATE_PRODUCT = YES;
			};
			name = Release;
		};
		8DDA5C5624A31A5800BF263B /* Debug */ = {
			isa = XCBuildConfiguration;
			buildSettings = {
				ALWAYS_EMBED_SWIFT_STANDARD_LIBRARIES = YES;
				CODE_SIGN_STYLE = Automatic;
				COMBINE_HIDPI_IMAGES = YES;
				DEVELOPMENT_TEAM = S7HY56XG6J;
				INFOPLIST_FILE = "Tests macOS/Info.plist";
				LD_RUNPATH_SEARCH_PATHS = (
					"$(inherited)",
					"@executable_path/../Frameworks",
					"@loader_path/../Frameworks",
				);
				MACOSX_DEPLOYMENT_TARGET = 10.15;
				PRODUCT_BUNDLE_IDENTIFIER = "Lucas-Abijmil.Tests-macOS";
				PRODUCT_NAME = "$(TARGET_NAME)";
				SDKROOT = macosx;
				SWIFT_VERSION = 5.0;
				TEST_TARGET_NAME = macOS;
			};
			name = Debug;
		};
		8DDA5C5724A31A5800BF263B /* Release */ = {
			isa = XCBuildConfiguration;
			buildSettings = {
				ALWAYS_EMBED_SWIFT_STANDARD_LIBRARIES = YES;
				CODE_SIGN_STYLE = Automatic;
				COMBINE_HIDPI_IMAGES = YES;
				DEVELOPMENT_TEAM = S7HY56XG6J;
				INFOPLIST_FILE = "Tests macOS/Info.plist";
				LD_RUNPATH_SEARCH_PATHS = (
					"$(inherited)",
					"@executable_path/../Frameworks",
					"@loader_path/../Frameworks",
				);
				MACOSX_DEPLOYMENT_TARGET = 10.15;
				PRODUCT_BUNDLE_IDENTIFIER = "Lucas-Abijmil.Tests-macOS";
				PRODUCT_NAME = "$(TARGET_NAME)";
				SDKROOT = macosx;
				SWIFT_VERSION = 5.0;
				TEST_TARGET_NAME = macOS;
			};
			name = Release;
		};
/* End XCBuildConfiguration section */

/* Begin XCConfigurationList section */
		8DDA5C1924A31A5600BF263B /* Build configuration list for PBXProject "SwiftUI 2.0" */ = {
			isa = XCConfigurationList;
			buildConfigurations = (
				8DDA5C4A24A31A5800BF263B /* Debug */,
				8DDA5C4B24A31A5800BF263B /* Release */,
			);
			defaultConfigurationIsVisible = 0;
			defaultConfigurationName = Release;
		};
		8DDA5C4C24A31A5800BF263B /* Build configuration list for PBXNativeTarget "iOS" */ = {
			isa = XCConfigurationList;
			buildConfigurations = (
				8DDA5C4D24A31A5800BF263B /* Debug */,
				8DDA5C4E24A31A5800BF263B /* Release */,
			);
			defaultConfigurationIsVisible = 0;
			defaultConfigurationName = Release;
		};
		8DDA5C4F24A31A5800BF263B /* Build configuration list for PBXNativeTarget "macOS" */ = {
			isa = XCConfigurationList;
			buildConfigurations = (
				8DDA5C5024A31A5800BF263B /* Debug */,
				8DDA5C5124A31A5800BF263B /* Release */,
			);
			defaultConfigurationIsVisible = 0;
			defaultConfigurationName = Release;
		};
		8DDA5C5224A31A5800BF263B /* Build configuration list for PBXNativeTarget "Tests iOS" */ = {
			isa = XCConfigurationList;
			buildConfigurations = (
				8DDA5C5324A31A5800BF263B /* Debug */,
				8DDA5C5424A31A5800BF263B /* Release */,
			);
			defaultConfigurationIsVisible = 0;
			defaultConfigurationName = Release;
		};
		8DDA5C5524A31A5800BF263B /* Build configuration list for PBXNativeTarget "Tests macOS" */ = {
			isa = XCConfigurationList;
			buildConfigurations = (
				8DDA5C5624A31A5800BF263B /* Debug */,
				8DDA5C5724A31A5800BF263B /* Release */,
			);
			defaultConfigurationIsVisible = 0;
			defaultConfigurationName = Release;
		};
/* End XCConfigurationList section */
	};
	rootObject = 8DDA5C1624A31A5600BF263B /* Project object */;
}
